// !$*UTF8*$!
{
	archiveVersion = 1;
	classes = {
	};
	objectVersion = 46;
	objects = {

/* Begin PBXBuildFile section */
		8575A8CA1C8B39BC0057E5C7 /* TableViewCell.swift in Sources */ = {isa = PBXBuildFile; fileRef = 8575A8C91C8B39BC0057E5C7 /* TableViewCell.swift */; };
		8575A8CE1C8B96330057E5C7 /* CollectionViewCell.swift in Sources */ = {isa = PBXBuildFile; fileRef = 8575A8CD1C8B96330057E5C7 /* CollectionViewCell.swift */; };
		85CC45491C8ACE2D00CA3F24 /* AppDelegate.swift in Sources */ = {isa = PBXBuildFile; fileRef = 85CC45481C8ACE2D00CA3F24 /* AppDelegate.swift */; };
		85CC454B1C8ACE2D00CA3F24 /* ViewController.swift in Sources */ = {isa = PBXBuildFile; fileRef = 85CC454A1C8ACE2D00CA3F24 /* ViewController.swift */; };
		85CC454E1C8ACE2D00CA3F24 /* Main.storyboard in Resources */ = {isa = PBXBuildFile; fileRef = 85CC454C1C8ACE2D00CA3F24 /* Main.storyboard */; };
		85CC45501C8ACE2D00CA3F24 /* Assets.xcassets in Resources */ = {isa = PBXBuildFile; fileRef = 85CC454F1C8ACE2D00CA3F24 /* Assets.xcassets */; };
		85CC45531C8ACE2D00CA3F24 /* LaunchScreen.storyboard in Resources */ = {isa = PBXBuildFile; fileRef = 85CC45511C8ACE2D00CA3F24 /* LaunchScreen.storyboard */; };
		85CC455D1C8AD56500CA3F24 /* TableViewController.swift in Sources */ = {isa = PBXBuildFile; fileRef = 85CC455C1C8AD56500CA3F24 /* TableViewController.swift */; };
		85CC455F1C8AD56F00CA3F24 /* CollectionViewController.swift in Sources */ = {isa = PBXBuildFile; fileRef = 85CC455E1C8AD56F00CA3F24 /* CollectionViewController.swift */; };
		85CC45611C8AF48D00CA3F24 /* Item.swift in Sources */ = {isa = PBXBuildFile; fileRef = 85CC45601C8AF48D00CA3F24 /* Item.swift */; };
/* End PBXBuildFile section */

/* Begin PBXFileReference section */
		8575A8C91C8B39BC0057E5C7 /* TableViewCell.swift */ = {isa = PBXFileReference; fileEncoding = 4; lastKnownFileType = sourcecode.swift; path = TableViewCell.swift; sourceTree = "<group>"; };
		8575A8CD1C8B96330057E5C7 /* CollectionViewCell.swift */ = {isa = PBXFileReference; fileEncoding = 4; lastKnownFileType = sourcecode.swift; path = CollectionViewCell.swift; sourceTree = "<group>"; };
		85CC45451C8ACE2D00CA3F24 /* Challenge 13.app */ = {isa = PBXFileReference; explicitFileType = wrapper.application; includeInIndex = 0; path = "Challenge 13.app"; sourceTree = BUILT_PRODUCTS_DIR; };
		85CC45481C8ACE2D00CA3F24 /* AppDelegate.swift */ = {isa = PBXFileReference; lastKnownFileType = sourcecode.swift; path = AppDelegate.swift; sourceTree = "<group>"; };
		85CC454A1C8ACE2D00CA3F24 /* ViewController.swift */ = {isa = PBXFileReference; lastKnownFileType = sourcecode.swift; path = ViewController.swift; sourceTree = "<group>"; };
		85CC454D1C8ACE2D00CA3F24 /* Base */ = {isa = PBXFileReference; lastKnownFileType = file.storyboard; name = Base; path = Base.lproj/Main.storyboard; sourceTree = "<group>"; };
		85CC454F1C8ACE2D00CA3F24 /* Assets.xcassets */ = {isa = PBXFileReference; lastKnownFileType = folder.assetcatalog; path = Assets.xcassets; sourceTree = "<group>"; };
		85CC45521C8ACE2D00CA3F24 /* Base */ = {isa = PBXFileReference; lastKnownFileType = file.storyboard; name = Base; path = Base.lproj/LaunchScreen.storyboard; sourceTree = "<group>"; };
		85CC45541C8ACE2D00CA3F24 /* Info.plist */ = {isa = PBXFileReference; lastKnownFileType = text.plist.xml; path = Info.plist; sourceTree = "<group>"; };
		85CC455C1C8AD56500CA3F24 /* TableViewController.swift */ = {isa = PBXFileReference; fileEncoding = 4; lastKnownFileType = sourcecode.swift; name = TableViewController.swift; path = ../TableViewController.swift; sourceTree = "<group>"; };
		85CC455E1C8AD56F00CA3F24 /* CollectionViewController.swift */ = {isa = PBXFileReference; fileEncoding = 4; lastKnownFileType = sourcecode.swift; name = CollectionViewController.swift; path = ../CollectionViewController.swift; sourceTree = "<group>"; };
		85CC45601C8AF48D00CA3F24 /* Item.swift */ = {isa = PBXFileReference; fileEncoding = 4; lastKnownFileType = sourcecode.swift; path = Item.swift; sourceTree = "<group>"; };
/* End PBXFileReference section */

/* Begin PBXFrameworksBuildPhase section */
		85CC45421C8ACE2D00CA3F24 /* Frameworks */ = {
			isa = PBXFrameworksBuildPhase;
			buildActionMask = 2147483647;
			files = (
			);
			runOnlyForDeploymentPostprocessing = 0;
		};
/* End PBXFrameworksBuildPhase section */

/* Begin PBXGroup section */
		85CC453C1C8ACE2D00CA3F24 = {
			isa = PBXGroup;
			children = (
				85CC45471C8ACE2D00CA3F24 /* Challenge 13 */,
				85CC45461C8ACE2D00CA3F24 /* Products */,
			);
			sourceTree = "<group>";
		};
		85CC45461C8ACE2D00CA3F24 /* Products */ = {
			isa = PBXGroup;
			children = (
				85CC45451C8ACE2D00CA3F24 /* Challenge 13.app */,
			);
			name = Products;
			sourceTree = "<group>";
		};
		85CC45471C8ACE2D00CA3F24 /* Challenge 13 */ = {
			isa = PBXGroup;
			children = (
				85CC45481C8ACE2D00CA3F24 /* AppDelegate.swift */,
				85CC455E1C8AD56F00CA3F24 /* CollectionViewController.swift */,
				8575A8CD1C8B96330057E5C7 /* CollectionViewCell.swift */,
				85CC454A1C8ACE2D00CA3F24 /* ViewController.swift */,
				85CC455C1C8AD56500CA3F24 /* TableViewController.swift */,
				8575A8C91C8B39BC0057E5C7 /* TableViewCell.swift */,
				85CC454C1C8ACE2D00CA3F24 /* Main.storyboard */,
				85CC454F1C8ACE2D00CA3F24 /* Assets.xcassets */,
				85CC45511C8ACE2D00CA3F24 /* LaunchScreen.storyboard */,
				85CC45541C8ACE2D00CA3F24 /* Info.plist */,
				85CC45601C8AF48D00CA3F24 /* Item.swift */,
			);
			path = "Challenge 13";
			sourceTree = "<group>";
		};
/* End PBXGroup section */

/* Begin PBXNativeTarget section */
		85CC45441C8ACE2D00CA3F24 /* Challenge 13 */ = {
			isa = PBXNativeTarget;
			buildConfigurationList = 85CC45571C8ACE2D00CA3F24 /* Build configuration list for PBXNativeTarget "Challenge 13" */;
			buildPhases = (
				85CC45411C8ACE2D00CA3F24 /* Sources */,
				85CC45421C8ACE2D00CA3F24 /* Frameworks */,
				85CC45431C8ACE2D00CA3F24 /* Resources */,
			);
			buildRules = (
			);
			dependencies = (
			);
			name = "Challenge 13";
			productName = "Challenge 13";
			productReference = 85CC45451C8ACE2D00CA3F24 /* Challenge 13.app */;
			productType = "com.apple.product-type.application";
		};
/* End PBXNativeTarget section */

/* Begin PBXProject section */
		85CC453D1C8ACE2D00CA3F24 /* Project object */ = {
			isa = PBXProject;
			attributes = {
				LastSwiftUpdateCheck = 0720;
				LastUpgradeCheck = 0720;
				ORGANIZATIONNAME = "Joacim Nidén";
				TargetAttributes = {
					85CC45441C8ACE2D00CA3F24 = {
						CreatedOnToolsVersion = 7.2.1;
						DevelopmentTeam = ZBJNQU3A8A;
					};
				};
			};
			buildConfigurationList = 85CC45401C8ACE2D00CA3F24 /* Build configuration list for PBXProject "Challenge 13" */;
			compatibilityVersion = "Xcode 3.2";
			developmentRegion = English;
			hasScannedForEncodings = 0;
			knownRegions = (
				en,
				Base,
			);
			mainGroup = 85CC453C1C8ACE2D00CA3F24;
			productRefGroup = 85CC45461C8ACE2D00CA3F24 /* Products */;
			projectDirPath = "";
			projectRoot = "";
			targets = (
				85CC45441C8ACE2D00CA3F24 /* Challenge 13 */,
			);
		};
/* End PBXProject section */

/* Begin PBXResourcesBuildPhase section */
		85CC45431C8ACE2D00CA3F24 /* Resources */ = {
			isa = PBXResourcesBuildPhase;
			buildActionMask = 2147483647;
			files = (
				85CC45531C8ACE2D00CA3F24 /* LaunchScreen.storyboard in Resources */,
				85CC45501C8ACE2D00CA3F24 /* Assets.xcassets in Resources */,
				85CC454E1C8ACE2D00CA3F24 /* Main.storyboard in Resources */,
			);
			runOnlyForDeploymentPostprocessing = 0;
		};
/* End PBXResourcesBuildPhase section */

/* Begin PBXSourcesBuildPhase section */
		85CC45411C8ACE2D00CA3F24 /* Sources */ = {
			isa = PBXSourcesBuildPhase;
			buildActionMask = 2147483647;
			files = (
				85CC45611C8AF48D00CA3F24 /* Item.swift in Sources */,
				85CC455F1C8AD56F00CA3F24 /* CollectionViewController.swift in Sources */,
				85CC454B1C8ACE2D00CA3F24 /* ViewController.swift in Sources */,
				8575A8CE1C8B96330057E5C7 /* CollectionViewCell.swift in Sources */,
				8575A8CA1C8B39BC0057E5C7 /* TableViewCell.swift in Sources */,
				85CC455D1C8AD56500CA3F24 /* TableViewController.swift in Sources */,
				85CC45491C8ACE2D00CA3F24 /* AppDelegate.swift in Sources */,
			);
			runOnlyForDeploymentPostprocessing = 0;
		};
/* End PBXSourcesBuildPhase section */

/* Begin PBXVariantGroup section */
		85CC454C1C8ACE2D00CA3F24 /* Main.storyboard */ = {
			isa = PBXVariantGroup;
			children = (
				85CC454D1C8ACE2D00CA3F24 /* Base */,
			);
			name = Main.storyboard;
			sourceTree = "<group>";
		};
		85CC45511C8ACE2D00CA3F24 /* LaunchScreen.storyboard */ = {
			isa = PBXVariantGroup;
			children = (
				85CC45521C8ACE2D00CA3F24 /* Base */,
			);
			name = LaunchScreen.storyboard;
			sourceTree = "<group>";
		};
/* End PBXVariantGroup section */

/* Begin XCBuildConfiguration section */
		85CC45551C8ACE2D00CA3F24 /* Debug */ = {
			isa = XCBuildConfiguration;
			buildSettings = {
				ALWAYS_SEARCH_USER_PATHS = NO;
				CLANG_CXX_LANGUAGE_STANDARD = "gnu++0x";
				CLANG_CXX_LIBRARY = "libc++";
				CLANG_ENABLE_MODULES = YES;
				CLANG_ENABLE_OBJC_ARC = YES;
				CLANG_WARN_BOOL_CONVERSION = YES;
				CLANG_WARN_CONSTANT_CONVERSION = YES;
				CLANG_WARN_DIRECT_OBJC_ISA_USAGE = YES_ERROR;
				CLANG_WARN_EMPTY_BODY = YES;
				CLANG_WARN_ENUM_CONVERSION = YES;
				CLANG_WARN_INT_CONVERSION = YES;
				CLANG_WARN_OBJC_ROOT_CLASS = YES_ERROR;
				CLANG_WARN_UNREACHABLE_CODE = YES;
				CLANG_WARN__DUPLICATE_METHOD_MATCH = YES;
				"CODE_SIGN_IDENTITY[sdk=iphoneos*]" = "iPhone Developer";
				COPY_PHASE_STRIP = NO;
				DEBUG_INFORMATION_FORMAT = dwarf;
				ENABLE_STRICT_OBJC_MSGSEND = YES;
				ENABLE_TESTABILITY = YES;
				GCC_C_LANGUAGE_STANDARD = gnu99;
				GCC_DYNAMIC_NO_PIC = NO;
				GCC_NO_COMMON_BLOCKS = YES;
				GCC_OPTIMIZATION_LEVEL = 0;
				GCC_PREPROCESSOR_DEFINITIONS = (
					"DEBUG=1",
					"$(inherited)",
				);
				GCC_WARN_64_TO_32_BIT_CONVERSION = YES;
				GCC_WARN_ABOUT_RETURN_TYPE = YES_ERROR;
				GCC_WARN_UNDECLARED_SELECTOR = YES;
				GCC_WARN_UNINITIALIZED_AUTOS = YES_AGGRESSIVE;
				GCC_WARN_UNUSED_FUNCTION = YES;
				GCC_WARN_UNUSED_VARIABLE = YES;
				IPHONEOS_DEPLOYMENT_TARGET = 9.2;
				MTL_ENABLE_DEBUG_INFO = YES;
				ONLY_ACTIVE_ARCH = YES;
				SDKROOT = iphoneos;
				SWIFT_OPTIMIZATION_LEVEL = "-Onone";
				TARGETED_DEVICE_FAMILY = "1,2";
			};
			name = Debug;
		};
		85CC45561C8ACE2D00CA3F24 /* Release */ = {
			isa = XCBuildConfiguration;
			buildSettings = {
				ALWAYS_SEARCH_USER_PATHS = NO;
				CLANG_CXX_LANGUAGE_STANDARD = "gnu++0x";
				CLANG_CXX_LIBRARY = "libc++";
				CLANG_ENABLE_MODULES = YES;
				CLANG_ENABLE_OBJC_ARC = YES;
				CLANG_WARN_BOOL_CONVERSION = YES;
				CLANG_WARN_CONSTANT_CONVERSION = YES;
				CLANG_WARN_DIRECT_OBJC_ISA_USAGE = YES_ERROR;
				CLANG_WARN_EMPTY_BODY = YES;
				CLANG_WARN_ENUM_CONVERSION = YES;
				CLANG_WARN_INT_CONVERSION = YES;
				CLANG_WARN_OBJC_ROOT_CLASS = YES_ERROR;
				CLANG_WARN_UNREACHABLE_CODE = YES;
				CLANG_WARN__DUPLICATE_METHOD_MATCH = YES;
				"CODE_SIGN_IDENTITY[sdk=iphoneos*]" = "iPhone Developer";
				COPY_PHASE_STRIP = NO;
				DEBUG_INFORMATION_FORMAT = "dwarf-with-dsym";
				ENABLE_NS_ASSERTIONS = NO;
				ENABLE_STRICT_OBJC_MSGSEND = YES;
				GCC_C_LANGUAGE_STANDARD = gnu99;
				GCC_NO_COMMON_BLOCKS = YES;
				GCC_WARN_64_TO_32_BIT_CONVERSION = YES;
				GCC_WARN_ABOUT_RETURN_TYPE = YES_ERROR;
				GCC_WARN_UNDECLARED_SELECTOR = YES;
				GCC_WARN_UNINITIALIZED_AUTOS = YES_AGGRESSIVE;
				GCC_WARN_UNUSED_FUNCTION = YES;
				GCC_WARN_UNUSED_VARIABLE = YES;
				IPHONEOS_DEPLOYMENT_TARGET = 9.2;
				MTL_ENABLE_DEBUG_INFO = NO;
				SDKROOT = iphoneos;
				TARGETED_DEVICE_FAMILY = "1,2";
				VALIDATE_PRODUCT = YES;
			};
			name = Release;
		};
		85CC45581C8ACE2D00CA3F24 /* Debug */ = {
			isa = XCBuildConfiguration;
			buildSettings = {
				ASSETCATALOG_COMPILER_APPICON_NAME = AppIcon;
				INFOPLIST_FILE = "Challenge 13/Info.plist";
				LD_RUNPATH_SEARCH_PATHS = "$(inherited) @executable_path/Frameworks";
				PRODUCT_BUNDLE_IDENTIFIER = "com.niden.Challenge-13";
				PRODUCT_NAME = "$(TARGET_NAME)";
			};
			name = Debug;
		};
		85CC45591C8ACE2D00CA3F24 /* Release */ = {
			isa = XCBuildConfiguration;
			buildSettings = {
				ASSETCATALOG_COMPILER_APPICON_NAME = AppIcon;
				INFOPLIST_FILE = "Challenge 13/Info.plist";
				LD_RUNPATH_SEARCH_PATHS = "$(inherited) @executable_path/Frameworks";
				PRODUCT_BUNDLE_IDENTIFIER = "com.niden.Challenge-13";
				PRODUCT_NAME = "$(TARGET_NAME)";
			};
			name = Release;
		};
/* End XCBuildConfiguration section */

/* Begin XCConfigurationList section */
		85CC45401C8ACE2D00CA3F24 /* Build configuration list for PBXProject "Challenge 13" */ = {
			isa = XCConfigurationList;
			buildConfigurations = (
				85CC45551C8ACE2D00CA3F24 /* Debug */,
				85CC45561C8ACE2D00CA3F24 /* Release */,
			);
			defaultConfigurationIsVisible = 0;
			defaultConfigurationName = Release;
		};
		85CC45571C8ACE2D00CA3F24 /* Build configuration list for PBXNativeTarget "Challenge 13" */ = {
			isa = XCConfigurationList;
			buildConfigurations = (
				85CC45581C8ACE2D00CA3F24 /* Debug */,
				85CC45591C8ACE2D00CA3F24 /* Release */,
			);
			defaultConfigurationIsVisible = 0;
			defaultConfigurationName = Release;
		};
/* End XCConfigurationList section */
	};
	rootObject = 85CC453D1C8ACE2D00CA3F24 /* Project object */;
}
