// !$*UTF8*$!
{
	archiveVersion = 1;
	classes = {
	};
	objectVersion = 46;
	objects = {

/* Begin PBXBuildFile section */
		85755AB51C897DF300B1394C /* AppDelegate.swift in Sources */ = {isa = PBXBuildFile; fileRef = 85755AB41C897DF300B1394C /* AppDelegate.swift */; };
		85755AB71C897DF300B1394C /* ViewController.swift in Sources */ = {isa = PBXBuildFile; fileRef = 85755AB61C897DF300B1394C /* ViewController.swift */; };
		85755ABA1C897DF300B1394C /* Main.storyboard in Resources */ = {isa = PBXBuildFile; fileRef = 85755AB81C897DF300B1394C /* Main.storyboard */; };
		85755ABC1C897DF300B1394C /* Assets.xcassets in Resources */ = {isa = PBXBuildFile; fileRef = 85755ABB1C897DF300B1394C /* Assets.xcassets */; };
		85755ABF1C897DF300B1394C /* LaunchScreen.storyboard in Resources */ = {isa = PBXBuildFile; fileRef = 85755ABD1C897DF300B1394C /* LaunchScreen.storyboard */; };
		85BCA41E1C8A2FDE0097D910 /* Content.swift in Sources */ = {isa = PBXBuildFile; fileRef = 85BCA41D1C8A2FDE0097D910 /* Content.swift */; };
		85BCA4201C8A30EA0097D910 /* content.json in Resources */ = {isa = PBXBuildFile; fileRef = 85BCA41F1C8A30EA0097D910 /* content.json */; };
		85BCA4221C8A31C60097D910 /* ListTableViewController.swift in Sources */ = {isa = PBXBuildFile; fileRef = 85BCA4211C8A31C60097D910 /* ListTableViewController.swift */; };
/* End PBXBuildFile section */

/* Begin PBXFileReference section */
		85755AB11C897DF300B1394C /* Challenge 12: Collection and table view.app */ = {isa = PBXFileReference; explicitFileType = wrapper.application; includeInIndex = 0; path = "Challenge 12: Collection and table view.app"; sourceTree = BUILT_PRODUCTS_DIR; };
		85755AB41C897DF300B1394C /* AppDelegate.swift */ = {isa = PBXFileReference; lastKnownFileType = sourcecode.swift; path = AppDelegate.swift; sourceTree = "<group>"; };
		85755AB61C897DF300B1394C /* ViewController.swift */ = {isa = PBXFileReference; lastKnownFileType = sourcecode.swift; path = ViewController.swift; sourceTree = "<group>"; };
		85755AB91C897DF300B1394C /* Base */ = {isa = PBXFileReference; lastKnownFileType = file.storyboard; name = Base; path = Base.lproj/Main.storyboard; sourceTree = "<group>"; };
		85755ABB1C897DF300B1394C /* Assets.xcassets */ = {isa = PBXFileReference; lastKnownFileType = folder.assetcatalog; path = Assets.xcassets; sourceTree = "<group>"; };
		85755ABE1C897DF300B1394C /* Base */ = {isa = PBXFileReference; lastKnownFileType = file.storyboard; name = Base; path = Base.lproj/LaunchScreen.storyboard; sourceTree = "<group>"; };
		85755AC01C897DF300B1394C /* Info.plist */ = {isa = PBXFileReference; lastKnownFileType = text.plist.xml; path = Info.plist; sourceTree = "<group>"; };
		85BCA41D1C8A2FDE0097D910 /* Content.swift */ = {isa = PBXFileReference; fileEncoding = 4; lastKnownFileType = sourcecode.swift; name = Content.swift; path = ../Content.swift; sourceTree = "<group>"; };
		85BCA41F1C8A30EA0097D910 /* content.json */ = {isa = PBXFileReference; fileEncoding = 4; lastKnownFileType = text.json; path = content.json; sourceTree = "<group>"; };
		85BCA4211C8A31C60097D910 /* ListTableViewController.swift */ = {isa = PBXFileReference; fileEncoding = 4; lastKnownFileType = sourcecode.swift; path = ListTableViewController.swift; sourceTree = "<group>"; };
/* End PBXFileReference section */

/* Begin PBXFrameworksBuildPhase section */
		85755AAE1C897DF300B1394C /* Frameworks */ = {
			isa = PBXFrameworksBuildPhase;
			buildActionMask = 2147483647;
			files = (
			);
			runOnlyForDeploymentPostprocessing = 0;
		};
/* End PBXFrameworksBuildPhase section */

/* Begin PBXGroup section */
		85755AA81C897DF300B1394C = {
			isa = PBXGroup;
			children = (
				85755AB31C897DF300B1394C /* Challenge 12: Collection and table view */,
				85755AB21C897DF300B1394C /* Products */,
			);
			sourceTree = "<group>";
		};
		85755AB21C897DF300B1394C /* Products */ = {
			isa = PBXGroup;
			children = (
				85755AB11C897DF300B1394C /* Challenge 12: Collection and table view.app */,
			);
			name = Products;
			sourceTree = "<group>";
		};
		85755AB31C897DF300B1394C /* Challenge 12: Collection and table view */ = {
			isa = PBXGroup;
			children = (
				85BCA41D1C8A2FDE0097D910 /* Content.swift */,
				85755AB41C897DF300B1394C /* AppDelegate.swift */,
				85755AB61C897DF300B1394C /* ViewController.swift */,
				85755AB81C897DF300B1394C /* Main.storyboard */,
				85BCA4211C8A31C60097D910 /* ListTableViewController.swift */,
				85755ABB1C897DF300B1394C /* Assets.xcassets */,
				85755ABD1C897DF300B1394C /* LaunchScreen.storyboard */,
				85755AC01C897DF300B1394C /* Info.plist */,
				85BCA41F1C8A30EA0097D910 /* content.json */,
			);
			path = "Challenge 12: Collection and table view";
			sourceTree = "<group>";
		};
/* End PBXGroup section */

/* Begin PBXNativeTarget section */
		85755AB01C897DF300B1394C /* Challenge 12: Collection and table view */ = {
			isa = PBXNativeTarget;
			buildConfigurationList = 85755AC31C897DF300B1394C /* Build configuration list for PBXNativeTarget "Challenge 12: Collection and table view" */;
			buildPhases = (
				85755AAD1C897DF300B1394C /* Sources */,
				85755AAE1C897DF300B1394C /* Frameworks */,
				85755AAF1C897DF300B1394C /* Resources */,
			);
			buildRules = (
			);
			dependencies = (
			);
			name = "Challenge 12: Collection and table view";
			productName = "Challenge 12: Collection and table view";
			productReference = 85755AB11C897DF300B1394C /* Challenge 12: Collection and table view.app */;
			productType = "com.apple.product-type.application";
		};
/* End PBXNativeTarget section */

/* Begin PBXProject section */
		85755AA91C897DF300B1394C /* Project object */ = {
			isa = PBXProject;
			attributes = {
				LastSwiftUpdateCheck = 0720;
				LastUpgradeCheck = 0720;
				ORGANIZATIONNAME = "Joacim Nidén";
				TargetAttributes = {
					85755AB01C897DF300B1394C = {
						CreatedOnToolsVersion = 7.2.1;
						DevelopmentTeam = ZBJNQU3A8A;
					};
				};
			};
			buildConfigurationList = 85755AAC1C897DF300B1394C /* Build configuration list for PBXProject "Challenge 12: Collection and table view" */;
			compatibilityVersion = "Xcode 3.2";
			developmentRegion = English;
			hasScannedForEncodings = 0;
			knownRegions = (
				en,
				Base,
			);
			mainGroup = 85755AA81C897DF300B1394C;
			productRefGroup = 85755AB21C897DF300B1394C /* Products */;
			projectDirPath = "";
			projectRoot = "";
			targets = (
				85755AB01C897DF300B1394C /* Challenge 12: Collection and table view */,
			);
		};
/* End PBXProject section */

/* Begin PBXResourcesBuildPhase section */
		85755AAF1C897DF300B1394C /* Resources */ = {
			isa = PBXResourcesBuildPhase;
			buildActionMask = 2147483647;
			files = (
				85755ABF1C897DF300B1394C /* LaunchScreen.storyboard in Resources */,
				85755ABC1C897DF300B1394C /* Assets.xcassets in Resources */,
				85755ABA1C897DF300B1394C /* Main.storyboard in Resources */,
				85BCA4201C8A30EA0097D910 /* content.json in Resources */,
			);
			runOnlyForDeploymentPostprocessing = 0;
		};
/* End PBXResourcesBuildPhase section */

/* Begin PBXSourcesBuildPhase section */
		85755AAD1C897DF300B1394C /* Sources */ = {
			isa = PBXSourcesBuildPhase;
			buildActionMask = 2147483647;
			files = (
				85755AB71C897DF300B1394C /* ViewController.swift in Sources */,
				85755AB51C897DF300B1394C /* AppDelegate.swift in Sources */,
				85BCA41E1C8A2FDE0097D910 /* Content.swift in Sources */,
				85BCA4221C8A31C60097D910 /* ListTableViewController.swift in Sources */,
			);
			runOnlyForDeploymentPostprocessing = 0;
		};
/* End PBXSourcesBuildPhase section */

/* Begin PBXVariantGroup section */
		85755AB81C897DF300B1394C /* Main.storyboard */ = {
			isa = PBXVariantGroup;
			children = (
				85755AB91C897DF300B1394C /* Base */,
			);
			name = Main.storyboard;
			sourceTree = "<group>";
		};
		85755ABD1C897DF300B1394C /* LaunchScreen.storyboard */ = {
			isa = PBXVariantGroup;
			children = (
				85755ABE1C897DF300B1394C /* Base */,
			);
			name = LaunchScreen.storyboard;
			sourceTree = "<group>";
		};
/* End PBXVariantGroup section */

/* Begin XCBuildConfiguration section */
		85755AC11C897DF300B1394C /* Debug */ = {
			isa = XCBuildConfiguration;
			buildSettings = {
				ALWAYS_SEARCH_USER_PATHS = NO;
				CLANG_CXX_LANGUAGE_STANDARD = "gnu++0x";
				CLANG_CXX_LIBRARY = "libc++";
				CLANG_ENABLE_MODULES = YES;
				CLANG_ENABLE_OBJC_ARC = YES;
				CLANG_WARN_BOOL_CONVERSION = YES;
				CLANG_WARN_CONSTANT_CONVERSION = YES;
				CLANG_WARN_DIRECT_OBJC_ISA_USAGE = YES_ERROR;
				CLANG_WARN_EMPTY_BODY = YES;
				CLANG_WARN_ENUM_CONVERSION = YES;
				CLANG_WARN_INT_CONVERSION = YES;
				CLANG_WARN_OBJC_ROOT_CLASS = YES_ERROR;
				CLANG_WARN_UNREACHABLE_CODE = YES;
				CLANG_WARN__DUPLICATE_METHOD_MATCH = YES;
				"CODE_SIGN_IDENTITY[sdk=iphoneos*]" = "iPhone Developer";
				COPY_PHASE_STRIP = NO;
				DEBUG_INFORMATION_FORMAT = dwarf;
				ENABLE_STRICT_OBJC_MSGSEND = YES;
				ENABLE_TESTABILITY = YES;
				GCC_C_LANGUAGE_STANDARD = gnu99;
				GCC_DYNAMIC_NO_PIC = NO;
				GCC_NO_COMMON_BLOCKS = YES;
				GCC_OPTIMIZATION_LEVEL = 0;
				GCC_PREPROCESSOR_DEFINITIONS = (
					"DEBUG=1",
					"$(inherited)",
				);
				GCC_WARN_64_TO_32_BIT_CONVERSION = YES;
				GCC_WARN_ABOUT_RETURN_TYPE = YES_ERROR;
				GCC_WARN_UNDECLARED_SELECTOR = YES;
				GCC_WARN_UNINITIALIZED_AUTOS = YES_AGGRESSIVE;
				GCC_WARN_UNUSED_FUNCTION = YES;
				GCC_WARN_UNUSED_VARIABLE = YES;
				IPHONEOS_DEPLOYMENT_TARGET = 9.2;
				MTL_ENABLE_DEBUG_INFO = YES;
				ONLY_ACTIVE_ARCH = YES;
				SDKROOT = iphoneos;
				SWIFT_OPTIMIZATION_LEVEL = "-Onone";
				TARGETED_DEVICE_FAMILY = "1,2";
			};
			name = Debug;
		};
		85755AC21C897DF300B1394C /* Release */ = {
			isa = XCBuildConfiguration;
			buildSettings = {
				ALWAYS_SEARCH_USER_PATHS = NO;
				CLANG_CXX_LANGUAGE_STANDARD = "gnu++0x";
				CLANG_CXX_LIBRARY = "libc++";
				CLANG_ENABLE_MODULES = YES;
				CLANG_ENABLE_OBJC_ARC = YES;
				CLANG_WARN_BOOL_CONVERSION = YES;
				CLANG_WARN_CONSTANT_CONVERSION = YES;
				CLANG_WARN_DIRECT_OBJC_ISA_USAGE = YES_ERROR;
				CLANG_WARN_EMPTY_BODY = YES;
				CLANG_WARN_ENUM_CONVERSION = YES;
				CLANG_WARN_INT_CONVERSION = YES;
				CLANG_WARN_OBJC_ROOT_CLASS = YES_ERROR;
				CLANG_WARN_UNREACHABLE_CODE = YES;
				CLANG_WARN__DUPLICATE_METHOD_MATCH = YES;
				"CODE_SIGN_IDENTITY[sdk=iphoneos*]" = "iPhone Developer";
				COPY_PHASE_STRIP = NO;
				DEBUG_INFORMATION_FORMAT = "dwarf-with-dsym";
				ENABLE_NS_ASSERTIONS = NO;
				ENABLE_STRICT_OBJC_MSGSEND = YES;
				GCC_C_LANGUAGE_STANDARD = gnu99;
				GCC_NO_COMMON_BLOCKS = YES;
				GCC_WARN_64_TO_32_BIT_CONVERSION = YES;
				GCC_WARN_ABOUT_RETURN_TYPE = YES_ERROR;
				GCC_WARN_UNDECLARED_SELECTOR = YES;
				GCC_WARN_UNINITIALIZED_AUTOS = YES_AGGRESSIVE;
				GCC_WARN_UNUSED_FUNCTION = YES;
				GCC_WARN_UNUSED_VARIABLE = YES;
				IPHONEOS_DEPLOYMENT_TARGET = 9.2;
				MTL_ENABLE_DEBUG_INFO = NO;
				SDKROOT = iphoneos;
				TARGETED_DEVICE_FAMILY = "1,2";
				VALIDATE_PRODUCT = YES;
			};
			name = Release;
		};
		85755AC41C897DF300B1394C /* Debug */ = {
			isa = XCBuildConfiguration;
			buildSettings = {
				ASSETCATALOG_COMPILER_APPICON_NAME = AppIcon;
				INFOPLIST_FILE = "Challenge 12: Collection and table view/Info.plist";
				LD_RUNPATH_SEARCH_PATHS = "$(inherited) @executable_path/Frameworks";
				PRODUCT_BUNDLE_IDENTIFIER = "com.niden.Challenge-12--Collection-and-table-view";
				PRODUCT_NAME = "$(TARGET_NAME)";
			};
			name = Debug;
		};
		85755AC51C897DF300B1394C /* Release */ = {
			isa = XCBuildConfiguration;
			buildSettings = {
				ASSETCATALOG_COMPILER_APPICON_NAME = AppIcon;
				INFOPLIST_FILE = "Challenge 12: Collection and table view/Info.plist";
				LD_RUNPATH_SEARCH_PATHS = "$(inherited) @executable_path/Frameworks";
				PRODUCT_BUNDLE_IDENTIFIER = "com.niden.Challenge-12--Collection-and-table-view";
				PRODUCT_NAME = "$(TARGET_NAME)";
			};
			name = Release;
		};
/* End XCBuildConfiguration section */

/* Begin XCConfigurationList section */
		85755AAC1C897DF300B1394C /* Build configuration list for PBXProject "Challenge 12: Collection and table view" */ = {
			isa = XCConfigurationList;
			buildConfigurations = (
				85755AC11C897DF300B1394C /* Debug */,
				85755AC21C897DF300B1394C /* Release */,
			);
			defaultConfigurationIsVisible = 0;
			defaultConfigurationName = Release;
		};
		85755AC31C897DF300B1394C /* Build configuration list for PBXNativeTarget "Challenge 12: Collection and table view" */ = {
			isa = XCConfigurationList;
			buildConfigurations = (
				85755AC41C897DF300B1394C /* Debug */,
				85755AC51C897DF300B1394C /* Release */,
			);
			defaultConfigurationIsVisible = 0;
			defaultConfigurationName = Release;
		};
/* End XCConfigurationList section */
	};
	rootObject = 85755AA91C897DF300B1394C /* Project object */;
}
