// !$*UTF8*$!
{
	archiveVersion = 1;
	classes = {
	};
	objectVersion = 46;
	objects = {

/* Begin PBXBuildFile section */
		856318F11C92244000FD90C6 /* Concert.swift in Sources */ = {isa = PBXBuildFile; fileRef = 856318F01C92244000FD90C6 /* Concert.swift */; };
		856318F31C92273900FD90C6 /* ConcertCollectionViewCell.swift in Sources */ = {isa = PBXBuildFile; fileRef = 856318F21C92273900FD90C6 /* ConcertCollectionViewCell.swift */; };
		859355B31C92182D0095F202 /* AppDelegate.swift in Sources */ = {isa = PBXBuildFile; fileRef = 859355B21C92182D0095F202 /* AppDelegate.swift */; };
		859355B51C92182D0095F202 /* ViewController.swift in Sources */ = {isa = PBXBuildFile; fileRef = 859355B41C92182D0095F202 /* ViewController.swift */; };
		859355B81C92182D0095F202 /* Main.storyboard in Resources */ = {isa = PBXBuildFile; fileRef = 859355B61C92182D0095F202 /* Main.storyboard */; };
		859355BA1C92182D0095F202 /* Assets.xcassets in Resources */ = {isa = PBXBuildFile; fileRef = 859355B91C92182D0095F202 /* Assets.xcassets */; };
		859355BD1C92182D0095F202 /* LaunchScreen.storyboard in Resources */ = {isa = PBXBuildFile; fileRef = 859355BB1C92182D0095F202 /* LaunchScreen.storyboard */; };
/* End PBXBuildFile section */

/* Begin PBXFileReference section */
		856318F01C92244000FD90C6 /* Concert.swift */ = {isa = PBXFileReference; fileEncoding = 4; lastKnownFileType = sourcecode.swift; path = Concert.swift; sourceTree = "<group>"; };
		856318F21C92273900FD90C6 /* ConcertCollectionViewCell.swift */ = {isa = PBXFileReference; fileEncoding = 4; lastKnownFileType = sourcecode.swift; path = ConcertCollectionViewCell.swift; sourceTree = "<group>"; };
		859355AF1C92182D0095F202 /* Challenge 17.app */ = {isa = PBXFileReference; explicitFileType = wrapper.application; includeInIndex = 0; path = "Challenge 17.app"; sourceTree = BUILT_PRODUCTS_DIR; };
		859355B21C92182D0095F202 /* AppDelegate.swift */ = {isa = PBXFileReference; lastKnownFileType = sourcecode.swift; path = AppDelegate.swift; sourceTree = "<group>"; };
		859355B41C92182D0095F202 /* ViewController.swift */ = {isa = PBXFileReference; lastKnownFileType = sourcecode.swift; path = ViewController.swift; sourceTree = "<group>"; };
		859355B71C92182D0095F202 /* Base */ = {isa = PBXFileReference; lastKnownFileType = file.storyboard; name = Base; path = Base.lproj/Main.storyboard; sourceTree = "<group>"; };
		859355B91C92182D0095F202 /* Assets.xcassets */ = {isa = PBXFileReference; lastKnownFileType = folder.assetcatalog; path = Assets.xcassets; sourceTree = "<group>"; };
		859355BC1C92182D0095F202 /* Base */ = {isa = PBXFileReference; lastKnownFileType = file.storyboard; name = Base; path = Base.lproj/LaunchScreen.storyboard; sourceTree = "<group>"; };
		859355BE1C92182D0095F202 /* Info.plist */ = {isa = PBXFileReference; lastKnownFileType = text.plist.xml; path = Info.plist; sourceTree = "<group>"; };
/* End PBXFileReference section */

/* Begin PBXFrameworksBuildPhase section */
		859355AC1C92182D0095F202 /* Frameworks */ = {
			isa = PBXFrameworksBuildPhase;
			buildActionMask = 2147483647;
			files = (
			);
			runOnlyForDeploymentPostprocessing = 0;
		};
/* End PBXFrameworksBuildPhase section */

/* Begin PBXGroup section */
		859355A61C92182D0095F202 = {
			isa = PBXGroup;
			children = (
				859355B11C92182D0095F202 /* Challenge 17 */,
				859355B01C92182D0095F202 /* Products */,
			);
			sourceTree = "<group>";
		};
		859355B01C92182D0095F202 /* Products */ = {
			isa = PBXGroup;
			children = (
				859355AF1C92182D0095F202 /* Challenge 17.app */,
			);
			name = Products;
			sourceTree = "<group>";
		};
		859355B11C92182D0095F202 /* Challenge 17 */ = {
			isa = PBXGroup;
			children = (
				859355B21C92182D0095F202 /* AppDelegate.swift */,
				859355B41C92182D0095F202 /* ViewController.swift */,
				859355B61C92182D0095F202 /* Main.storyboard */,
				856318F21C92273900FD90C6 /* ConcertCollectionViewCell.swift */,
				859355B91C92182D0095F202 /* Assets.xcassets */,
				859355BB1C92182D0095F202 /* LaunchScreen.storyboard */,
				859355BE1C92182D0095F202 /* Info.plist */,
				856318F01C92244000FD90C6 /* Concert.swift */,
			);
			path = "Challenge 17";
			sourceTree = "<group>";
		};
/* End PBXGroup section */

/* Begin PBXNativeTarget section */
		859355AE1C92182D0095F202 /* Challenge 17 */ = {
			isa = PBXNativeTarget;
			buildConfigurationList = 859355C11C92182D0095F202 /* Build configuration list for PBXNativeTarget "Challenge 17" */;
			buildPhases = (
				859355AB1C92182D0095F202 /* Sources */,
				859355AC1C92182D0095F202 /* Frameworks */,
				859355AD1C92182D0095F202 /* Resources */,
			);
			buildRules = (
			);
			dependencies = (
			);
			name = "Challenge 17";
			productName = "Challenge 17";
			productReference = 859355AF1C92182D0095F202 /* Challenge 17.app */;
			productType = "com.apple.product-type.application";
		};
/* End PBXNativeTarget section */

/* Begin PBXProject section */
		859355A71C92182D0095F202 /* Project object */ = {
			isa = PBXProject;
			attributes = {
				LastSwiftUpdateCheck = 0720;
				LastUpgradeCheck = 0720;
				ORGANIZATIONNAME = "Joacim Nidén";
				TargetAttributes = {
					859355AE1C92182D0095F202 = {
						CreatedOnToolsVersion = 7.2.1;
						DevelopmentTeam = ZBJNQU3A8A;
					};
				};
			};
			buildConfigurationList = 859355AA1C92182D0095F202 /* Build configuration list for PBXProject "Challenge 17" */;
			compatibilityVersion = "Xcode 3.2";
			developmentRegion = English;
			hasScannedForEncodings = 0;
			knownRegions = (
				en,
				Base,
			);
			mainGroup = 859355A61C92182D0095F202;
			productRefGroup = 859355B01C92182D0095F202 /* Products */;
			projectDirPath = "";
			projectRoot = "";
			targets = (
				859355AE1C92182D0095F202 /* Challenge 17 */,
			);
		};
/* End PBXProject section */

/* Begin PBXResourcesBuildPhase section */
		859355AD1C92182D0095F202 /* Resources */ = {
			isa = PBXResourcesBuildPhase;
			buildActionMask = 2147483647;
			files = (
				859355BD1C92182D0095F202 /* LaunchScreen.storyboard in Resources */,
				859355BA1C92182D0095F202 /* Assets.xcassets in Resources */,
				859355B81C92182D0095F202 /* Main.storyboard in Resources */,
			);
			runOnlyForDeploymentPostprocessing = 0;
		};
/* End PBXResourcesBuildPhase section */

/* Begin PBXSourcesBuildPhase section */
		859355AB1C92182D0095F202 /* Sources */ = {
			isa = PBXSourcesBuildPhase;
			buildActionMask = 2147483647;
			files = (
				859355B51C92182D0095F202 /* ViewController.swift in Sources */,
				856318F11C92244000FD90C6 /* Concert.swift in Sources */,
				859355B31C92182D0095F202 /* AppDelegate.swift in Sources */,
				856318F31C92273900FD90C6 /* ConcertCollectionViewCell.swift in Sources */,
			);
			runOnlyForDeploymentPostprocessing = 0;
		};
/* End PBXSourcesBuildPhase section */

/* Begin PBXVariantGroup section */
		859355B61C92182D0095F202 /* Main.storyboard */ = {
			isa = PBXVariantGroup;
			children = (
				859355B71C92182D0095F202 /* Base */,
			);
			name = Main.storyboard;
			sourceTree = "<group>";
		};
		859355BB1C92182D0095F202 /* LaunchScreen.storyboard */ = {
			isa = PBXVariantGroup;
			children = (
				859355BC1C92182D0095F202 /* Base */,
			);
			name = LaunchScreen.storyboard;
			sourceTree = "<group>";
		};
/* End PBXVariantGroup section */

/* Begin XCBuildConfiguration section */
		859355BF1C92182D0095F202 /* Debug */ = {
			isa = XCBuildConfiguration;
			buildSettings = {
				ALWAYS_SEARCH_USER_PATHS = NO;
				CLANG_CXX_LANGUAGE_STANDARD = "gnu++0x";
				CLANG_CXX_LIBRARY = "libc++";
				CLANG_ENABLE_MODULES = YES;
				CLANG_ENABLE_OBJC_ARC = YES;
				CLANG_WARN_BOOL_CONVERSION = YES;
				CLANG_WARN_CONSTANT_CONVERSION = YES;
				CLANG_WARN_DIRECT_OBJC_ISA_USAGE = YES_ERROR;
				CLANG_WARN_EMPTY_BODY = YES;
				CLANG_WARN_ENUM_CONVERSION = YES;
				CLANG_WARN_INT_CONVERSION = YES;
				CLANG_WARN_OBJC_ROOT_CLASS = YES_ERROR;
				CLANG_WARN_UNREACHABLE_CODE = YES;
				CLANG_WARN__DUPLICATE_METHOD_MATCH = YES;
				"CODE_SIGN_IDENTITY[sdk=iphoneos*]" = "iPhone Developer";
				COPY_PHASE_STRIP = NO;
				DEBUG_INFORMATION_FORMAT = dwarf;
				ENABLE_STRICT_OBJC_MSGSEND = YES;
				ENABLE_TESTABILITY = YES;
				GCC_C_LANGUAGE_STANDARD = gnu99;
				GCC_DYNAMIC_NO_PIC = NO;
				GCC_NO_COMMON_BLOCKS = YES;
				GCC_OPTIMIZATION_LEVEL = 0;
				GCC_PREPROCESSOR_DEFINITIONS = (
					"DEBUG=1",
					"$(inherited)",
				);
				GCC_WARN_64_TO_32_BIT_CONVERSION = YES;
				GCC_WARN_ABOUT_RETURN_TYPE = YES_ERROR;
				GCC_WARN_UNDECLARED_SELECTOR = YES;
				GCC_WARN_UNINITIALIZED_AUTOS = YES_AGGRESSIVE;
				GCC_WARN_UNUSED_FUNCTION = YES;
				GCC_WARN_UNUSED_VARIABLE = YES;
				IPHONEOS_DEPLOYMENT_TARGET = 9.2;
				MTL_ENABLE_DEBUG_INFO = YES;
				ONLY_ACTIVE_ARCH = YES;
				SDKROOT = iphoneos;
				SWIFT_OPTIMIZATION_LEVEL = "-Onone";
				TARGETED_DEVICE_FAMILY = "1,2";
			};
			name = Debug;
		};
		859355C01C92182D0095F202 /* Release */ = {
			isa = XCBuildConfiguration;
			buildSettings = {
				ALWAYS_SEARCH_USER_PATHS = NO;
				CLANG_CXX_LANGUAGE_STANDARD = "gnu++0x";
				CLANG_CXX_LIBRARY = "libc++";
				CLANG_ENABLE_MODULES = YES;
				CLANG_ENABLE_OBJC_ARC = YES;
				CLANG_WARN_BOOL_CONVERSION = YES;
				CLANG_WARN_CONSTANT_CONVERSION = YES;
				CLANG_WARN_DIRECT_OBJC_ISA_USAGE = YES_ERROR;
				CLANG_WARN_EMPTY_BODY = YES;
				CLANG_WARN_ENUM_CONVERSION = YES;
				CLANG_WARN_INT_CONVERSION = YES;
				CLANG_WARN_OBJC_ROOT_CLASS = YES_ERROR;
				CLANG_WARN_UNREACHABLE_CODE = YES;
				CLANG_WARN__DUPLICATE_METHOD_MATCH = YES;
				"CODE_SIGN_IDENTITY[sdk=iphoneos*]" = "iPhone Developer";
				COPY_PHASE_STRIP = NO;
				DEBUG_INFORMATION_FORMAT = "dwarf-with-dsym";
				ENABLE_NS_ASSERTIONS = NO;
				ENABLE_STRICT_OBJC_MSGSEND = YES;
				GCC_C_LANGUAGE_STANDARD = gnu99;
				GCC_NO_COMMON_BLOCKS = YES;
				GCC_WARN_64_TO_32_BIT_CONVERSION = YES;
				GCC_WARN_ABOUT_RETURN_TYPE = YES_ERROR;
				GCC_WARN_UNDECLARED_SELECTOR = YES;
				GCC_WARN_UNINITIALIZED_AUTOS = YES_AGGRESSIVE;
				GCC_WARN_UNUSED_FUNCTION = YES;
				GCC_WARN_UNUSED_VARIABLE = YES;
				IPHONEOS_DEPLOYMENT_TARGET = 9.2;
				MTL_ENABLE_DEBUG_INFO = NO;
				SDKROOT = iphoneos;
				TARGETED_DEVICE_FAMILY = "1,2";
				VALIDATE_PRODUCT = YES;
			};
			name = Release;
		};
		859355C21C92182D0095F202 /* Debug */ = {
			isa = XCBuildConfiguration;
			buildSettings = {
				ASSETCATALOG_COMPILER_APPICON_NAME = AppIcon;
				INFOPLIST_FILE = "Challenge 17/Info.plist";
				LD_RUNPATH_SEARCH_PATHS = "$(inherited) @executable_path/Frameworks";
				PRODUCT_BUNDLE_IDENTIFIER = "com.niden.Challenge-17";
				PRODUCT_NAME = "$(TARGET_NAME)";
			};
			name = Debug;
		};
		859355C31C92182D0095F202 /* Release */ = {
			isa = XCBuildConfiguration;
			buildSettings = {
				ASSETCATALOG_COMPILER_APPICON_NAME = AppIcon;
				INFOPLIST_FILE = "Challenge 17/Info.plist";
				LD_RUNPATH_SEARCH_PATHS = "$(inherited) @executable_path/Frameworks";
				PRODUCT_BUNDLE_IDENTIFIER = "com.niden.Challenge-17";
				PRODUCT_NAME = "$(TARGET_NAME)";
			};
			name = Release;
		};
/* End XCBuildConfiguration section */

/* Begin XCConfigurationList section */
		859355AA1C92182D0095F202 /* Build configuration list for PBXProject "Challenge 17" */ = {
			isa = XCConfigurationList;
			buildConfigurations = (
				859355BF1C92182D0095F202 /* Debug */,
				859355C01C92182D0095F202 /* Release */,
			);
			defaultConfigurationIsVisible = 0;
			defaultConfigurationName = Release;
		};
		859355C11C92182D0095F202 /* Build configuration list for PBXNativeTarget "Challenge 17" */ = {
			isa = XCConfigurationList;
			buildConfigurations = (
				859355C21C92182D0095F202 /* Debug */,
				859355C31C92182D0095F202 /* Release */,
			);
			defaultConfigurationIsVisible = 0;
			defaultConfigurationName = Release;
		};
/* End XCConfigurationList section */
	};
	rootObject = 859355A71C92182D0095F202 /* Project object */;
}
