// !$*UTF8*$!
{
	archiveVersion = 1;
	classes = {
	};
	objectVersion = 46;
	objects = {

/* Begin PBXBuildFile section */
		855DF0591C7AFDC50087714E /* AppDelegate.swift in Sources */ = {isa = PBXBuildFile; fileRef = 855DF0581C7AFDC50087714E /* AppDelegate.swift */; };
		855DF05B1C7AFDC50087714E /* ViewController.swift in Sources */ = {isa = PBXBuildFile; fileRef = 855DF05A1C7AFDC50087714E /* ViewController.swift */; };
		855DF05E1C7AFDC50087714E /* Main.storyboard in Resources */ = {isa = PBXBuildFile; fileRef = 855DF05C1C7AFDC50087714E /* Main.storyboard */; };
		855DF0601C7AFDC50087714E /* Assets.xcassets in Resources */ = {isa = PBXBuildFile; fileRef = 855DF05F1C7AFDC50087714E /* Assets.xcassets */; };
		855DF0631C7AFDC50087714E /* LaunchScreen.storyboard in Resources */ = {isa = PBXBuildFile; fileRef = 855DF0611C7AFDC50087714E /* LaunchScreen.storyboard */; };
/* End PBXBuildFile section */

/* Begin PBXFileReference section */
		855DF0551C7AFDC50087714E /* Startstop.app */ = {isa = PBXFileReference; explicitFileType = wrapper.application; includeInIndex = 0; path = Startstop.app; sourceTree = BUILT_PRODUCTS_DIR; };
		855DF0581C7AFDC50087714E /* AppDelegate.swift */ = {isa = PBXFileReference; lastKnownFileType = sourcecode.swift; path = AppDelegate.swift; sourceTree = "<group>"; };
		855DF05A1C7AFDC50087714E /* ViewController.swift */ = {isa = PBXFileReference; lastKnownFileType = sourcecode.swift; path = ViewController.swift; sourceTree = "<group>"; };
		855DF05D1C7AFDC50087714E /* Base */ = {isa = PBXFileReference; lastKnownFileType = file.storyboard; name = Base; path = Base.lproj/Main.storyboard; sourceTree = "<group>"; };
		855DF05F1C7AFDC50087714E /* Assets.xcassets */ = {isa = PBXFileReference; lastKnownFileType = folder.assetcatalog; path = Assets.xcassets; sourceTree = "<group>"; };
		855DF0621C7AFDC50087714E /* Base */ = {isa = PBXFileReference; lastKnownFileType = file.storyboard; name = Base; path = Base.lproj/LaunchScreen.storyboard; sourceTree = "<group>"; };
		855DF0641C7AFDC50087714E /* Info.plist */ = {isa = PBXFileReference; lastKnownFileType = text.plist.xml; path = Info.plist; sourceTree = "<group>"; };
/* End PBXFileReference section */

/* Begin PBXFrameworksBuildPhase section */
		855DF0521C7AFDC50087714E /* Frameworks */ = {
			isa = PBXFrameworksBuildPhase;
			buildActionMask = 2147483647;
			files = (
			);
			runOnlyForDeploymentPostprocessing = 0;
		};
/* End PBXFrameworksBuildPhase section */

/* Begin PBXGroup section */
		855DF04C1C7AFDC50087714E = {
			isa = PBXGroup;
			children = (
				855DF0571C7AFDC50087714E /* Startstop */,
				855DF0561C7AFDC50087714E /* Products */,
			);
			sourceTree = "<group>";
		};
		855DF0561C7AFDC50087714E /* Products */ = {
			isa = PBXGroup;
			children = (
				855DF0551C7AFDC50087714E /* Startstop.app */,
			);
			name = Products;
			sourceTree = "<group>";
		};
		855DF0571C7AFDC50087714E /* Startstop */ = {
			isa = PBXGroup;
			children = (
				855DF0581C7AFDC50087714E /* AppDelegate.swift */,
				855DF05A1C7AFDC50087714E /* ViewController.swift */,
				855DF05C1C7AFDC50087714E /* Main.storyboard */,
				855DF05F1C7AFDC50087714E /* Assets.xcassets */,
				855DF0611C7AFDC50087714E /* LaunchScreen.storyboard */,
				855DF0641C7AFDC50087714E /* Info.plist */,
			);
			path = Startstop;
			sourceTree = "<group>";
		};
/* End PBXGroup section */

/* Begin PBXNativeTarget section */
		855DF0541C7AFDC50087714E /* Startstop */ = {
			isa = PBXNativeTarget;
			buildConfigurationList = 855DF0671C7AFDC50087714E /* Build configuration list for PBXNativeTarget "Startstop" */;
			buildPhases = (
				855DF0511C7AFDC50087714E /* Sources */,
				855DF0521C7AFDC50087714E /* Frameworks */,
				855DF0531C7AFDC50087714E /* Resources */,
			);
			buildRules = (
			);
			dependencies = (
			);
			name = Startstop;
			productName = Startstop;
			productReference = 855DF0551C7AFDC50087714E /* Startstop.app */;
			productType = "com.apple.product-type.application";
		};
/* End PBXNativeTarget section */

/* Begin PBXProject section */
		855DF04D1C7AFDC50087714E /* Project object */ = {
			isa = PBXProject;
			attributes = {
				LastSwiftUpdateCheck = 0720;
				LastUpgradeCheck = 0720;
				ORGANIZATIONNAME = "Joacim Nidén";
				TargetAttributes = {
					855DF0541C7AFDC50087714E = {
						CreatedOnToolsVersion = 7.2;
					};
				};
			};
			buildConfigurationList = 855DF0501C7AFDC50087714E /* Build configuration list for PBXProject "Startstop" */;
			compatibilityVersion = "Xcode 3.2";
			developmentRegion = English;
			hasScannedForEncodings = 0;
			knownRegions = (
				en,
				Base,
			);
			mainGroup = 855DF04C1C7AFDC50087714E;
			productRefGroup = 855DF0561C7AFDC50087714E /* Products */;
			projectDirPath = "";
			projectRoot = "";
			targets = (
				855DF0541C7AFDC50087714E /* Startstop */,
			);
		};
/* End PBXProject section */

/* Begin PBXResourcesBuildPhase section */
		855DF0531C7AFDC50087714E /* Resources */ = {
			isa = PBXResourcesBuildPhase;
			buildActionMask = 2147483647;
			files = (
				855DF0631C7AFDC50087714E /* LaunchScreen.storyboard in Resources */,
				855DF0601C7AFDC50087714E /* Assets.xcassets in Resources */,
				855DF05E1C7AFDC50087714E /* Main.storyboard in Resources */,
			);
			runOnlyForDeploymentPostprocessing = 0;
		};
/* End PBXResourcesBuildPhase section */

/* Begin PBXSourcesBuildPhase section */
		855DF0511C7AFDC50087714E /* Sources */ = {
			isa = PBXSourcesBuildPhase;
			buildActionMask = 2147483647;
			files = (
				855DF05B1C7AFDC50087714E /* ViewController.swift in Sources */,
				855DF0591C7AFDC50087714E /* AppDelegate.swift in Sources */,
			);
			runOnlyForDeploymentPostprocessing = 0;
		};
/* End PBXSourcesBuildPhase section */

/* Begin PBXVariantGroup section */
		855DF05C1C7AFDC50087714E /* Main.storyboard */ = {
			isa = PBXVariantGroup;
			children = (
				855DF05D1C7AFDC50087714E /* Base */,
			);
			name = Main.storyboard;
			sourceTree = "<group>";
		};
		855DF0611C7AFDC50087714E /* LaunchScreen.storyboard */ = {
			isa = PBXVariantGroup;
			children = (
				855DF0621C7AFDC50087714E /* Base */,
			);
			name = LaunchScreen.storyboard;
			sourceTree = "<group>";
		};
/* End PBXVariantGroup section */

/* Begin XCBuildConfiguration section */
		855DF0651C7AFDC50087714E /* Debug */ = {
			isa = XCBuildConfiguration;
			buildSettings = {
				ALWAYS_SEARCH_USER_PATHS = NO;
				CLANG_CXX_LANGUAGE_STANDARD = "gnu++0x";
				CLANG_CXX_LIBRARY = "libc++";
				CLANG_ENABLE_MODULES = YES;
				CLANG_ENABLE_OBJC_ARC = YES;
				CLANG_WARN_BOOL_CONVERSION = YES;
				CLANG_WARN_CONSTANT_CONVERSION = YES;
				CLANG_WARN_DIRECT_OBJC_ISA_USAGE = YES_ERROR;
				CLANG_WARN_EMPTY_BODY = YES;
				CLANG_WARN_ENUM_CONVERSION = YES;
				CLANG_WARN_INT_CONVERSION = YES;
				CLANG_WARN_OBJC_ROOT_CLASS = YES_ERROR;
				CLANG_WARN_UNREACHABLE_CODE = YES;
				CLANG_WARN__DUPLICATE_METHOD_MATCH = YES;
				"CODE_SIGN_IDENTITY[sdk=iphoneos*]" = "iPhone Developer";
				COPY_PHASE_STRIP = NO;
				DEBUG_INFORMATION_FORMAT = dwarf;
				ENABLE_STRICT_OBJC_MSGSEND = YES;
				ENABLE_TESTABILITY = YES;
				GCC_C_LANGUAGE_STANDARD = gnu99;
				GCC_DYNAMIC_NO_PIC = NO;
				GCC_NO_COMMON_BLOCKS = YES;
				GCC_OPTIMIZATION_LEVEL = 0;
				GCC_PREPROCESSOR_DEFINITIONS = (
					"DEBUG=1",
					"$(inherited)",
				);
				GCC_WARN_64_TO_32_BIT_CONVERSION = YES;
				GCC_WARN_ABOUT_RETURN_TYPE = YES_ERROR;
				GCC_WARN_UNDECLARED_SELECTOR = YES;
				GCC_WARN_UNINITIALIZED_AUTOS = YES_AGGRESSIVE;
				GCC_WARN_UNUSED_FUNCTION = YES;
				GCC_WARN_UNUSED_VARIABLE = YES;
				IPHONEOS_DEPLOYMENT_TARGET = 9.2;
				MTL_ENABLE_DEBUG_INFO = YES;
				ONLY_ACTIVE_ARCH = YES;
				SDKROOT = iphoneos;
				SWIFT_OPTIMIZATION_LEVEL = "-Onone";
				TARGETED_DEVICE_FAMILY = "1,2";
			};
			name = Debug;
		};
		855DF0661C7AFDC50087714E /* Release */ = {
			isa = XCBuildConfiguration;
			buildSettings = {
				ALWAYS_SEARCH_USER_PATHS = NO;
				CLANG_CXX_LANGUAGE_STANDARD = "gnu++0x";
				CLANG_CXX_LIBRARY = "libc++";
				CLANG_ENABLE_MODULES = YES;
				CLANG_ENABLE_OBJC_ARC = YES;
				CLANG_WARN_BOOL_CONVERSION = YES;
				CLANG_WARN_CONSTANT_CONVERSION = YES;
				CLANG_WARN_DIRECT_OBJC_ISA_USAGE = YES_ERROR;
				CLANG_WARN_EMPTY_BODY = YES;
				CLANG_WARN_ENUM_CONVERSION = YES;
				CLANG_WARN_INT_CONVERSION = YES;
				CLANG_WARN_OBJC_ROOT_CLASS = YES_ERROR;
				CLANG_WARN_UNREACHABLE_CODE = YES;
				CLANG_WARN__DUPLICATE_METHOD_MATCH = YES;
				"CODE_SIGN_IDENTITY[sdk=iphoneos*]" = "iPhone Developer";
				COPY_PHASE_STRIP = NO;
				DEBUG_INFORMATION_FORMAT = "dwarf-with-dsym";
				ENABLE_NS_ASSERTIONS = NO;
				ENABLE_STRICT_OBJC_MSGSEND = YES;
				GCC_C_LANGUAGE_STANDARD = gnu99;
				GCC_NO_COMMON_BLOCKS = YES;
				GCC_WARN_64_TO_32_BIT_CONVERSION = YES;
				GCC_WARN_ABOUT_RETURN_TYPE = YES_ERROR;
				GCC_WARN_UNDECLARED_SELECTOR = YES;
				GCC_WARN_UNINITIALIZED_AUTOS = YES_AGGRESSIVE;
				GCC_WARN_UNUSED_FUNCTION = YES;
				GCC_WARN_UNUSED_VARIABLE = YES;
				IPHONEOS_DEPLOYMENT_TARGET = 9.2;
				MTL_ENABLE_DEBUG_INFO = NO;
				SDKROOT = iphoneos;
				TARGETED_DEVICE_FAMILY = "1,2";
				VALIDATE_PRODUCT = YES;
			};
			name = Release;
		};
		855DF0681C7AFDC50087714E /* Debug */ = {
			isa = XCBuildConfiguration;
			buildSettings = {
				ASSETCATALOG_COMPILER_APPICON_NAME = AppIcon;
				INFOPLIST_FILE = Startstop/Info.plist;
				LD_RUNPATH_SEARCH_PATHS = "$(inherited) @executable_path/Frameworks";
				PRODUCT_BUNDLE_IDENTIFIER = com.niden.Startstop;
				PRODUCT_NAME = "$(TARGET_NAME)";
			};
			name = Debug;
		};
		855DF0691C7AFDC50087714E /* Release */ = {
			isa = XCBuildConfiguration;
			buildSettings = {
				ASSETCATALOG_COMPILER_APPICON_NAME = AppIcon;
				INFOPLIST_FILE = Startstop/Info.plist;
				LD_RUNPATH_SEARCH_PATHS = "$(inherited) @executable_path/Frameworks";
				PRODUCT_BUNDLE_IDENTIFIER = com.niden.Startstop;
				PRODUCT_NAME = "$(TARGET_NAME)";
			};
			name = Release;
		};
/* End XCBuildConfiguration section */

/* Begin XCConfigurationList section */
		855DF0501C7AFDC50087714E /* Build configuration list for PBXProject "Startstop" */ = {
			isa = XCConfigurationList;
			buildConfigurations = (
				855DF0651C7AFDC50087714E /* Debug */,
				855DF0661C7AFDC50087714E /* Release */,
			);
			defaultConfigurationIsVisible = 0;
			defaultConfigurationName = Release;
		};
		855DF0671C7AFDC50087714E /* Build configuration list for PBXNativeTarget "Startstop" */ = {
			isa = XCConfigurationList;
			buildConfigurations = (
				855DF0681C7AFDC50087714E /* Debug */,
				855DF0691C7AFDC50087714E /* Release */,
			);
			defaultConfigurationIsVisible = 0;
		};
/* End XCConfigurationList section */
	};
	rootObject = 855DF04D1C7AFDC50087714E /* Project object */;
}
