// !$*UTF8*$!
{
	archiveVersion = 1;
	classes = {
	};
	objectVersion = 46;
	objects = {

/* Begin PBXBuildFile section */
		85467F181C8327F2009AACA8 /* AppDelegate.swift in Sources */ = {isa = PBXBuildFile; fileRef = 85467F171C8327F2009AACA8 /* AppDelegate.swift */; };
		85467F1A1C8327F2009AACA8 /* ViewController.swift in Sources */ = {isa = PBXBuildFile; fileRef = 85467F191C8327F2009AACA8 /* ViewController.swift */; };
		85467F1D1C8327F2009AACA8 /* Main.storyboard in Resources */ = {isa = PBXBuildFile; fileRef = 85467F1B1C8327F2009AACA8 /* Main.storyboard */; };
		85467F1F1C8327F2009AACA8 /* Assets.xcassets in Resources */ = {isa = PBXBuildFile; fileRef = 85467F1E1C8327F2009AACA8 /* Assets.xcassets */; };
		85467F221C8327F2009AACA8 /* LaunchScreen.storyboard in Resources */ = {isa = PBXBuildFile; fileRef = 85467F201C8327F2009AACA8 /* LaunchScreen.storyboard */; };
/* End PBXBuildFile section */

/* Begin PBXFileReference section */
		85467F141C8327F2009AACA8 /* Challenge 7: Upload picture.app */ = {isa = PBXFileReference; explicitFileType = wrapper.application; includeInIndex = 0; path = "Challenge 7: Upload picture.app"; sourceTree = BUILT_PRODUCTS_DIR; };
		85467F171C8327F2009AACA8 /* AppDelegate.swift */ = {isa = PBXFileReference; lastKnownFileType = sourcecode.swift; path = AppDelegate.swift; sourceTree = "<group>"; };
		85467F191C8327F2009AACA8 /* ViewController.swift */ = {isa = PBXFileReference; lastKnownFileType = sourcecode.swift; path = ViewController.swift; sourceTree = "<group>"; };
		85467F1C1C8327F2009AACA8 /* Base */ = {isa = PBXFileReference; lastKnownFileType = file.storyboard; name = Base; path = Base.lproj/Main.storyboard; sourceTree = "<group>"; };
		85467F1E1C8327F2009AACA8 /* Assets.xcassets */ = {isa = PBXFileReference; lastKnownFileType = folder.assetcatalog; path = Assets.xcassets; sourceTree = "<group>"; };
		85467F211C8327F2009AACA8 /* Base */ = {isa = PBXFileReference; lastKnownFileType = file.storyboard; name = Base; path = Base.lproj/LaunchScreen.storyboard; sourceTree = "<group>"; };
		85467F231C8327F2009AACA8 /* Info.plist */ = {isa = PBXFileReference; lastKnownFileType = text.plist.xml; path = Info.plist; sourceTree = "<group>"; };
/* End PBXFileReference section */

/* Begin PBXFrameworksBuildPhase section */
		85467F111C8327F2009AACA8 /* Frameworks */ = {
			isa = PBXFrameworksBuildPhase;
			buildActionMask = 2147483647;
			files = (
			);
			runOnlyForDeploymentPostprocessing = 0;
		};
/* End PBXFrameworksBuildPhase section */

/* Begin PBXGroup section */
		85467F0B1C8327F2009AACA8 = {
			isa = PBXGroup;
			children = (
				85467F161C8327F2009AACA8 /* Challenge 7: Upload picture */,
				85467F151C8327F2009AACA8 /* Products */,
			);
			sourceTree = "<group>";
		};
		85467F151C8327F2009AACA8 /* Products */ = {
			isa = PBXGroup;
			children = (
				85467F141C8327F2009AACA8 /* Challenge 7: Upload picture.app */,
			);
			name = Products;
			sourceTree = "<group>";
		};
		85467F161C8327F2009AACA8 /* Challenge 7: Upload picture */ = {
			isa = PBXGroup;
			children = (
				85467F171C8327F2009AACA8 /* AppDelegate.swift */,
				85467F191C8327F2009AACA8 /* ViewController.swift */,
				85467F1B1C8327F2009AACA8 /* Main.storyboard */,
				85467F1E1C8327F2009AACA8 /* Assets.xcassets */,
				85467F201C8327F2009AACA8 /* LaunchScreen.storyboard */,
				85467F231C8327F2009AACA8 /* Info.plist */,
			);
			path = "Challenge 7: Upload picture";
			sourceTree = "<group>";
		};
/* End PBXGroup section */

/* Begin PBXNativeTarget section */
		85467F131C8327F2009AACA8 /* Challenge 7: Upload picture */ = {
			isa = PBXNativeTarget;
			buildConfigurationList = 85467F261C8327F2009AACA8 /* Build configuration list for PBXNativeTarget "Challenge 7: Upload picture" */;
			buildPhases = (
				85467F101C8327F2009AACA8 /* Sources */,
				85467F111C8327F2009AACA8 /* Frameworks */,
				85467F121C8327F2009AACA8 /* Resources */,
			);
			buildRules = (
			);
			dependencies = (
			);
			name = "Challenge 7: Upload picture";
			productName = "Challenge 7: Upload picture";
			productReference = 85467F141C8327F2009AACA8 /* Challenge 7: Upload picture.app */;
			productType = "com.apple.product-type.application";
		};
/* End PBXNativeTarget section */

/* Begin PBXProject section */
		85467F0C1C8327F2009AACA8 /* Project object */ = {
			isa = PBXProject;
			attributes = {
				LastSwiftUpdateCheck = 0720;
				LastUpgradeCheck = 0720;
				ORGANIZATIONNAME = "Joacim Nidén";
				TargetAttributes = {
					85467F131C8327F2009AACA8 = {
						CreatedOnToolsVersion = 7.2.1;
						DevelopmentTeam = ZBJNQU3A8A;
					};
				};
			};
			buildConfigurationList = 85467F0F1C8327F2009AACA8 /* Build configuration list for PBXProject "Challenge 7: Upload picture" */;
			compatibilityVersion = "Xcode 3.2";
			developmentRegion = English;
			hasScannedForEncodings = 0;
			knownRegions = (
				en,
				Base,
			);
			mainGroup = 85467F0B1C8327F2009AACA8;
			productRefGroup = 85467F151C8327F2009AACA8 /* Products */;
			projectDirPath = "";
			projectRoot = "";
			targets = (
				85467F131C8327F2009AACA8 /* Challenge 7: Upload picture */,
			);
		};
/* End PBXProject section */

/* Begin PBXResourcesBuildPhase section */
		85467F121C8327F2009AACA8 /* Resources */ = {
			isa = PBXResourcesBuildPhase;
			buildActionMask = 2147483647;
			files = (
				85467F221C8327F2009AACA8 /* LaunchScreen.storyboard in Resources */,
				85467F1F1C8327F2009AACA8 /* Assets.xcassets in Resources */,
				85467F1D1C8327F2009AACA8 /* Main.storyboard in Resources */,
			);
			runOnlyForDeploymentPostprocessing = 0;
		};
/* End PBXResourcesBuildPhase section */

/* Begin PBXSourcesBuildPhase section */
		85467F101C8327F2009AACA8 /* Sources */ = {
			isa = PBXSourcesBuildPhase;
			buildActionMask = 2147483647;
			files = (
				85467F1A1C8327F2009AACA8 /* ViewController.swift in Sources */,
				85467F181C8327F2009AACA8 /* AppDelegate.swift in Sources */,
			);
			runOnlyForDeploymentPostprocessing = 0;
		};
/* End PBXSourcesBuildPhase section */

/* Begin PBXVariantGroup section */
		85467F1B1C8327F2009AACA8 /* Main.storyboard */ = {
			isa = PBXVariantGroup;
			children = (
				85467F1C1C8327F2009AACA8 /* Base */,
			);
			name = Main.storyboard;
			sourceTree = "<group>";
		};
		85467F201C8327F2009AACA8 /* LaunchScreen.storyboard */ = {
			isa = PBXVariantGroup;
			children = (
				85467F211C8327F2009AACA8 /* Base */,
			);
			name = LaunchScreen.storyboard;
			sourceTree = "<group>";
		};
/* End PBXVariantGroup section */

/* Begin XCBuildConfiguration section */
		85467F241C8327F2009AACA8 /* Debug */ = {
			isa = XCBuildConfiguration;
			buildSettings = {
				ALWAYS_SEARCH_USER_PATHS = NO;
				CLANG_CXX_LANGUAGE_STANDARD = "gnu++0x";
				CLANG_CXX_LIBRARY = "libc++";
				CLANG_ENABLE_MODULES = YES;
				CLANG_ENABLE_OBJC_ARC = YES;
				CLANG_WARN_BOOL_CONVERSION = YES;
				CLANG_WARN_CONSTANT_CONVERSION = YES;
				CLANG_WARN_DIRECT_OBJC_ISA_USAGE = YES_ERROR;
				CLANG_WARN_EMPTY_BODY = YES;
				CLANG_WARN_ENUM_CONVERSION = YES;
				CLANG_WARN_INT_CONVERSION = YES;
				CLANG_WARN_OBJC_ROOT_CLASS = YES_ERROR;
				CLANG_WARN_UNREACHABLE_CODE = YES;
				CLANG_WARN__DUPLICATE_METHOD_MATCH = YES;
				"CODE_SIGN_IDENTITY[sdk=iphoneos*]" = "iPhone Developer";
				COPY_PHASE_STRIP = NO;
				DEBUG_INFORMATION_FORMAT = dwarf;
				ENABLE_STRICT_OBJC_MSGSEND = YES;
				ENABLE_TESTABILITY = YES;
				GCC_C_LANGUAGE_STANDARD = gnu99;
				GCC_DYNAMIC_NO_PIC = NO;
				GCC_NO_COMMON_BLOCKS = YES;
				GCC_OPTIMIZATION_LEVEL = 0;
				GCC_PREPROCESSOR_DEFINITIONS = (
					"DEBUG=1",
					"$(inherited)",
				);
				GCC_WARN_64_TO_32_BIT_CONVERSION = YES;
				GCC_WARN_ABOUT_RETURN_TYPE = YES_ERROR;
				GCC_WARN_UNDECLARED_SELECTOR = YES;
				GCC_WARN_UNINITIALIZED_AUTOS = YES_AGGRESSIVE;
				GCC_WARN_UNUSED_FUNCTION = YES;
				GCC_WARN_UNUSED_VARIABLE = YES;
				IPHONEOS_DEPLOYMENT_TARGET = 9.2;
				MTL_ENABLE_DEBUG_INFO = YES;
				ONLY_ACTIVE_ARCH = YES;
				SDKROOT = iphoneos;
				SWIFT_OPTIMIZATION_LEVEL = "-Onone";
				TARGETED_DEVICE_FAMILY = "1,2";
			};
			name = Debug;
		};
		85467F251C8327F2009AACA8 /* Release */ = {
			isa = XCBuildConfiguration;
			buildSettings = {
				ALWAYS_SEARCH_USER_PATHS = NO;
				CLANG_CXX_LANGUAGE_STANDARD = "gnu++0x";
				CLANG_CXX_LIBRARY = "libc++";
				CLANG_ENABLE_MODULES = YES;
				CLANG_ENABLE_OBJC_ARC = YES;
				CLANG_WARN_BOOL_CONVERSION = YES;
				CLANG_WARN_CONSTANT_CONVERSION = YES;
				CLANG_WARN_DIRECT_OBJC_ISA_USAGE = YES_ERROR;
				CLANG_WARN_EMPTY_BODY = YES;
				CLANG_WARN_ENUM_CONVERSION = YES;
				CLANG_WARN_INT_CONVERSION = YES;
				CLANG_WARN_OBJC_ROOT_CLASS = YES_ERROR;
				CLANG_WARN_UNREACHABLE_CODE = YES;
				CLANG_WARN__DUPLICATE_METHOD_MATCH = YES;
				"CODE_SIGN_IDENTITY[sdk=iphoneos*]" = "iPhone Developer";
				COPY_PHASE_STRIP = NO;
				DEBUG_INFORMATION_FORMAT = "dwarf-with-dsym";
				ENABLE_NS_ASSERTIONS = NO;
				ENABLE_STRICT_OBJC_MSGSEND = YES;
				GCC_C_LANGUAGE_STANDARD = gnu99;
				GCC_NO_COMMON_BLOCKS = YES;
				GCC_WARN_64_TO_32_BIT_CONVERSION = YES;
				GCC_WARN_ABOUT_RETURN_TYPE = YES_ERROR;
				GCC_WARN_UNDECLARED_SELECTOR = YES;
				GCC_WARN_UNINITIALIZED_AUTOS = YES_AGGRESSIVE;
				GCC_WARN_UNUSED_FUNCTION = YES;
				GCC_WARN_UNUSED_VARIABLE = YES;
				IPHONEOS_DEPLOYMENT_TARGET = 9.2;
				MTL_ENABLE_DEBUG_INFO = NO;
				SDKROOT = iphoneos;
				TARGETED_DEVICE_FAMILY = "1,2";
				VALIDATE_PRODUCT = YES;
			};
			name = Release;
		};
		85467F271C8327F2009AACA8 /* Debug */ = {
			isa = XCBuildConfiguration;
			buildSettings = {
				ASSETCATALOG_COMPILER_APPICON_NAME = AppIcon;
				INFOPLIST_FILE = "Challenge 7: Upload picture/Info.plist";
				LD_RUNPATH_SEARCH_PATHS = "$(inherited) @executable_path/Frameworks";
				PRODUCT_BUNDLE_IDENTIFIER = "com.niden.Challenge-7--Upload-picture";
				PRODUCT_NAME = "$(TARGET_NAME)";
			};
			name = Debug;
		};
		85467F281C8327F2009AACA8 /* Release */ = {
			isa = XCBuildConfiguration;
			buildSettings = {
				ASSETCATALOG_COMPILER_APPICON_NAME = AppIcon;
				INFOPLIST_FILE = "Challenge 7: Upload picture/Info.plist";
				LD_RUNPATH_SEARCH_PATHS = "$(inherited) @executable_path/Frameworks";
				PRODUCT_BUNDLE_IDENTIFIER = "com.niden.Challenge-7--Upload-picture";
				PRODUCT_NAME = "$(TARGET_NAME)";
			};
			name = Release;
		};
/* End XCBuildConfiguration section */

/* Begin XCConfigurationList section */
		85467F0F1C8327F2009AACA8 /* Build configuration list for PBXProject "Challenge 7: Upload picture" */ = {
			isa = XCConfigurationList;
			buildConfigurations = (
				85467F241C8327F2009AACA8 /* Debug */,
				85467F251C8327F2009AACA8 /* Release */,
			);
			defaultConfigurationIsVisible = 0;
			defaultConfigurationName = Release;
		};
		85467F261C8327F2009AACA8 /* Build configuration list for PBXNativeTarget "Challenge 7: Upload picture" */ = {
			isa = XCConfigurationList;
			buildConfigurations = (
				85467F271C8327F2009AACA8 /* Debug */,
				85467F281C8327F2009AACA8 /* Release */,
			);
			defaultConfigurationIsVisible = 0;
		};
/* End XCConfigurationList section */
	};
	rootObject = 85467F0C1C8327F2009AACA8 /* Project object */;
}
