// !$*UTF8*$!
{
	archiveVersion = 1;
	classes = {
	};
	objectVersion = 46;
	objects = {

/* Begin PBXBuildFile section */
		85884C331CB259C200511167 /* AppDelegate.swift in Sources */ = {isa = PBXBuildFile; fileRef = 85884C321CB259C200511167 /* AppDelegate.swift */; };
		85884C351CB259C200511167 /* ViewController.swift in Sources */ = {isa = PBXBuildFile; fileRef = 85884C341CB259C200511167 /* ViewController.swift */; };
		85884C381CB259C200511167 /* Main.storyboard in Resources */ = {isa = PBXBuildFile; fileRef = 85884C361CB259C200511167 /* Main.storyboard */; };
		85884C3A1CB259C200511167 /* Assets.xcassets in Resources */ = {isa = PBXBuildFile; fileRef = 85884C391CB259C200511167 /* Assets.xcassets */; };
		85884C3D1CB259C200511167 /* LaunchScreen.storyboard in Resources */ = {isa = PBXBuildFile; fileRef = 85884C3B1CB259C200511167 /* LaunchScreen.storyboard */; };
		85884C451CB25FA800511167 /* Country.swift in Sources */ = {isa = PBXBuildFile; fileRef = 85884C441CB25FA800511167 /* Country.swift */; };
		85884C471CB2628400511167 /* CountryCell.swift in Sources */ = {isa = PBXBuildFile; fileRef = 85884C461CB2628400511167 /* CountryCell.swift */; };
/* End PBXBuildFile section */

/* Begin PBXFileReference section */
		85884C2F1CB259C200511167 /* Challenge 23.app */ = {isa = PBXFileReference; explicitFileType = wrapper.application; includeInIndex = 0; path = "Challenge 23.app"; sourceTree = BUILT_PRODUCTS_DIR; };
		85884C321CB259C200511167 /* AppDelegate.swift */ = {isa = PBXFileReference; lastKnownFileType = sourcecode.swift; path = AppDelegate.swift; sourceTree = "<group>"; };
		85884C341CB259C200511167 /* ViewController.swift */ = {isa = PBXFileReference; lastKnownFileType = sourcecode.swift; path = ViewController.swift; sourceTree = "<group>"; };
		85884C371CB259C200511167 /* Base */ = {isa = PBXFileReference; lastKnownFileType = file.storyboard; name = Base; path = Base.lproj/Main.storyboard; sourceTree = "<group>"; };
		85884C391CB259C200511167 /* Assets.xcassets */ = {isa = PBXFileReference; lastKnownFileType = folder.assetcatalog; path = Assets.xcassets; sourceTree = "<group>"; };
		85884C3C1CB259C200511167 /* Base */ = {isa = PBXFileReference; lastKnownFileType = file.storyboard; name = Base; path = Base.lproj/LaunchScreen.storyboard; sourceTree = "<group>"; };
		85884C3E1CB259C200511167 /* Info.plist */ = {isa = PBXFileReference; lastKnownFileType = text.plist.xml; path = Info.plist; sourceTree = "<group>"; };
		85884C441CB25FA800511167 /* Country.swift */ = {isa = PBXFileReference; fileEncoding = 4; lastKnownFileType = sourcecode.swift; path = Country.swift; sourceTree = "<group>"; };
		85884C461CB2628400511167 /* CountryCell.swift */ = {isa = PBXFileReference; fileEncoding = 4; lastKnownFileType = sourcecode.swift; path = CountryCell.swift; sourceTree = "<group>"; };
/* End PBXFileReference section */

/* Begin PBXFrameworksBuildPhase section */
		85884C2C1CB259C200511167 /* Frameworks */ = {
			isa = PBXFrameworksBuildPhase;
			buildActionMask = 2147483647;
			files = (
			);
			runOnlyForDeploymentPostprocessing = 0;
		};
/* End PBXFrameworksBuildPhase section */

/* Begin PBXGroup section */
		85884C261CB259C200511167 = {
			isa = PBXGroup;
			children = (
				85884C311CB259C200511167 /* Challenge 23 */,
				85884C301CB259C200511167 /* Products */,
			);
			sourceTree = "<group>";
		};
		85884C301CB259C200511167 /* Products */ = {
			isa = PBXGroup;
			children = (
				85884C2F1CB259C200511167 /* Challenge 23.app */,
			);
			name = Products;
			sourceTree = "<group>";
		};
		85884C311CB259C200511167 /* Challenge 23 */ = {
			isa = PBXGroup;
			children = (
				85884C321CB259C200511167 /* AppDelegate.swift */,
				85884C341CB259C200511167 /* ViewController.swift */,
				85884C441CB25FA800511167 /* Country.swift */,
				85884C461CB2628400511167 /* CountryCell.swift */,
				85884C361CB259C200511167 /* Main.storyboard */,
				85884C391CB259C200511167 /* Assets.xcassets */,
				85884C3B1CB259C200511167 /* LaunchScreen.storyboard */,
				85884C3E1CB259C200511167 /* Info.plist */,
			);
			path = "Challenge 23";
			sourceTree = "<group>";
		};
/* End PBXGroup section */

/* Begin PBXNativeTarget section */
		85884C2E1CB259C200511167 /* Challenge 23 */ = {
			isa = PBXNativeTarget;
			buildConfigurationList = 85884C411CB259C200511167 /* Build configuration list for PBXNativeTarget "Challenge 23" */;
			buildPhases = (
				85884C2B1CB259C200511167 /* Sources */,
				85884C2C1CB259C200511167 /* Frameworks */,
				85884C2D1CB259C200511167 /* Resources */,
			);
			buildRules = (
			);
			dependencies = (
			);
			name = "Challenge 23";
			productName = "Challenge 23";
			productReference = 85884C2F1CB259C200511167 /* Challenge 23.app */;
			productType = "com.apple.product-type.application";
		};
/* End PBXNativeTarget section */

/* Begin PBXProject section */
		85884C271CB259C200511167 /* Project object */ = {
			isa = PBXProject;
			attributes = {
				LastSwiftUpdateCheck = 0730;
				LastUpgradeCheck = 0730;
				ORGANIZATIONNAME = "Joacim Nidén";
				TargetAttributes = {
					85884C2E1CB259C200511167 = {
						CreatedOnToolsVersion = 7.3;
						DevelopmentTeam = ZBJNQU3A8A;
					};
				};
			};
			buildConfigurationList = 85884C2A1CB259C200511167 /* Build configuration list for PBXProject "Challenge 23" */;
			compatibilityVersion = "Xcode 3.2";
			developmentRegion = English;
			hasScannedForEncodings = 0;
			knownRegions = (
				en,
				Base,
			);
			mainGroup = 85884C261CB259C200511167;
			productRefGroup = 85884C301CB259C200511167 /* Products */;
			projectDirPath = "";
			projectRoot = "";
			targets = (
				85884C2E1CB259C200511167 /* Challenge 23 */,
			);
		};
/* End PBXProject section */

/* Begin PBXResourcesBuildPhase section */
		85884C2D1CB259C200511167 /* Resources */ = {
			isa = PBXResourcesBuildPhase;
			buildActionMask = 2147483647;
			files = (
				85884C3D1CB259C200511167 /* LaunchScreen.storyboard in Resources */,
				85884C3A1CB259C200511167 /* Assets.xcassets in Resources */,
				85884C381CB259C200511167 /* Main.storyboard in Resources */,
			);
			runOnlyForDeploymentPostprocessing = 0;
		};
/* End PBXResourcesBuildPhase section */

/* Begin PBXSourcesBuildPhase section */
		85884C2B1CB259C200511167 /* Sources */ = {
			isa = PBXSourcesBuildPhase;
			buildActionMask = 2147483647;
			files = (
				85884C471CB2628400511167 /* CountryCell.swift in Sources */,
				85884C351CB259C200511167 /* ViewController.swift in Sources */,
				85884C451CB25FA800511167 /* Country.swift in Sources */,
				85884C331CB259C200511167 /* AppDelegate.swift in Sources */,
			);
			runOnlyForDeploymentPostprocessing = 0;
		};
/* End PBXSourcesBuildPhase section */

/* Begin PBXVariantGroup section */
		85884C361CB259C200511167 /* Main.storyboard */ = {
			isa = PBXVariantGroup;
			children = (
				85884C371CB259C200511167 /* Base */,
			);
			name = Main.storyboard;
			sourceTree = "<group>";
		};
		85884C3B1CB259C200511167 /* LaunchScreen.storyboard */ = {
			isa = PBXVariantGroup;
			children = (
				85884C3C1CB259C200511167 /* Base */,
			);
			name = LaunchScreen.storyboard;
			sourceTree = "<group>";
		};
/* End PBXVariantGroup section */

/* Begin XCBuildConfiguration section */
		85884C3F1CB259C200511167 /* Debug */ = {
			isa = XCBuildConfiguration;
			buildSettings = {
				ALWAYS_SEARCH_USER_PATHS = NO;
				CLANG_ANALYZER_NONNULL = YES;
				CLANG_CXX_LANGUAGE_STANDARD = "gnu++0x";
				CLANG_CXX_LIBRARY = "libc++";
				CLANG_ENABLE_MODULES = YES;
				CLANG_ENABLE_OBJC_ARC = YES;
				CLANG_WARN_BOOL_CONVERSION = YES;
				CLANG_WARN_CONSTANT_CONVERSION = YES;
				CLANG_WARN_DIRECT_OBJC_ISA_USAGE = YES_ERROR;
				CLANG_WARN_EMPTY_BODY = YES;
				CLANG_WARN_ENUM_CONVERSION = YES;
				CLANG_WARN_INT_CONVERSION = YES;
				CLANG_WARN_OBJC_ROOT_CLASS = YES_ERROR;
				CLANG_WARN_UNREACHABLE_CODE = YES;
				CLANG_WARN__DUPLICATE_METHOD_MATCH = YES;
				"CODE_SIGN_IDENTITY[sdk=iphoneos*]" = "iPhone Developer";
				COPY_PHASE_STRIP = NO;
				DEBUG_INFORMATION_FORMAT = dwarf;
				ENABLE_STRICT_OBJC_MSGSEND = YES;
				ENABLE_TESTABILITY = YES;
				GCC_C_LANGUAGE_STANDARD = gnu99;
				GCC_DYNAMIC_NO_PIC = NO;
				GCC_NO_COMMON_BLOCKS = YES;
				GCC_OPTIMIZATION_LEVEL = 0;
				GCC_PREPROCESSOR_DEFINITIONS = (
					"DEBUG=1",
					"$(inherited)",
				);
				GCC_WARN_64_TO_32_BIT_CONVERSION = YES;
				GCC_WARN_ABOUT_RETURN_TYPE = YES_ERROR;
				GCC_WARN_UNDECLARED_SELECTOR = YES;
				GCC_WARN_UNINITIALIZED_AUTOS = YES_AGGRESSIVE;
				GCC_WARN_UNUSED_FUNCTION = YES;
				GCC_WARN_UNUSED_VARIABLE = YES;
				IPHONEOS_DEPLOYMENT_TARGET = 9.3;
				MTL_ENABLE_DEBUG_INFO = YES;
				ONLY_ACTIVE_ARCH = YES;
				SDKROOT = iphoneos;
				SWIFT_OPTIMIZATION_LEVEL = "-Onone";
				TARGETED_DEVICE_FAMILY = "1,2";
			};
			name = Debug;
		};
		85884C401CB259C200511167 /* Release */ = {
			isa = XCBuildConfiguration;
			buildSettings = {
				ALWAYS_SEARCH_USER_PATHS = NO;
				CLANG_ANALYZER_NONNULL = YES;
				CLANG_CXX_LANGUAGE_STANDARD = "gnu++0x";
				CLANG_CXX_LIBRARY = "libc++";
				CLANG_ENABLE_MODULES = YES;
				CLANG_ENABLE_OBJC_ARC = YES;
				CLANG_WARN_BOOL_CONVERSION = YES;
				CLANG_WARN_CONSTANT_CONVERSION = YES;
				CLANG_WARN_DIRECT_OBJC_ISA_USAGE = YES_ERROR;
				CLANG_WARN_EMPTY_BODY = YES;
				CLANG_WARN_ENUM_CONVERSION = YES;
				CLANG_WARN_INT_CONVERSION = YES;
				CLANG_WARN_OBJC_ROOT_CLASS = YES_ERROR;
				CLANG_WARN_UNREACHABLE_CODE = YES;
				CLANG_WARN__DUPLICATE_METHOD_MATCH = YES;
				"CODE_SIGN_IDENTITY[sdk=iphoneos*]" = "iPhone Developer";
				COPY_PHASE_STRIP = NO;
				DEBUG_INFORMATION_FORMAT = "dwarf-with-dsym";
				ENABLE_NS_ASSERTIONS = NO;
				ENABLE_STRICT_OBJC_MSGSEND = YES;
				GCC_C_LANGUAGE_STANDARD = gnu99;
				GCC_NO_COMMON_BLOCKS = YES;
				GCC_WARN_64_TO_32_BIT_CONVERSION = YES;
				GCC_WARN_ABOUT_RETURN_TYPE = YES_ERROR;
				GCC_WARN_UNDECLARED_SELECTOR = YES;
				GCC_WARN_UNINITIALIZED_AUTOS = YES_AGGRESSIVE;
				GCC_WARN_UNUSED_FUNCTION = YES;
				GCC_WARN_UNUSED_VARIABLE = YES;
				IPHONEOS_DEPLOYMENT_TARGET = 9.3;
				MTL_ENABLE_DEBUG_INFO = NO;
				SDKROOT = iphoneos;
				TARGETED_DEVICE_FAMILY = "1,2";
				VALIDATE_PRODUCT = YES;
			};
			name = Release;
		};
		85884C421CB259C200511167 /* Debug */ = {
			isa = XCBuildConfiguration;
			buildSettings = {
				ASSETCATALOG_COMPILER_APPICON_NAME = AppIcon;
				INFOPLIST_FILE = "Challenge 23/Info.plist";
				LD_RUNPATH_SEARCH_PATHS = "$(inherited) @executable_path/Frameworks";
				PRODUCT_BUNDLE_IDENTIFIER = "com.niden.Challenge-23";
				PRODUCT_NAME = "$(TARGET_NAME)";
			};
			name = Debug;
		};
		85884C431CB259C200511167 /* Release */ = {
			isa = XCBuildConfiguration;
			buildSettings = {
				ASSETCATALOG_COMPILER_APPICON_NAME = AppIcon;
				INFOPLIST_FILE = "Challenge 23/Info.plist";
				LD_RUNPATH_SEARCH_PATHS = "$(inherited) @executable_path/Frameworks";
				PRODUCT_BUNDLE_IDENTIFIER = "com.niden.Challenge-23";
				PRODUCT_NAME = "$(TARGET_NAME)";
			};
			name = Release;
		};
/* End XCBuildConfiguration section */

/* Begin XCConfigurationList section */
		85884C2A1CB259C200511167 /* Build configuration list for PBXProject "Challenge 23" */ = {
			isa = XCConfigurationList;
			buildConfigurations = (
				85884C3F1CB259C200511167 /* Debug */,
				85884C401CB259C200511167 /* Release */,
			);
			defaultConfigurationIsVisible = 0;
			defaultConfigurationName = Release;
		};
		85884C411CB259C200511167 /* Build configuration list for PBXNativeTarget "Challenge 23" */ = {
			isa = XCConfigurationList;
			buildConfigurations = (
				85884C421CB259C200511167 /* Debug */,
				85884C431CB259C200511167 /* Release */,
			);
			defaultConfigurationIsVisible = 0;
		};
/* End XCConfigurationList section */
	};
	rootObject = 85884C271CB259C200511167 /* Project object */;
}
