// !$*UTF8*$!
{
	archiveVersion = 1;
	classes = {
	};
	objectVersion = 46;
	objects = {

/* Begin PBXBuildFile section */
		856304BB1C6F259B00873F2E /* AppDelegate.swift in Sources */ = {isa = PBXBuildFile; fileRef = 856304BA1C6F259B00873F2E /* AppDelegate.swift */; };
		856304BD1C6F259B00873F2E /* ViewController.swift in Sources */ = {isa = PBXBuildFile; fileRef = 856304BC1C6F259B00873F2E /* ViewController.swift */; };
		856304C01C6F259B00873F2E /* Main.storyboard in Resources */ = {isa = PBXBuildFile; fileRef = 856304BE1C6F259B00873F2E /* Main.storyboard */; };
		856304C21C6F259B00873F2E /* Assets.xcassets in Resources */ = {isa = PBXBuildFile; fileRef = 856304C11C6F259B00873F2E /* Assets.xcassets */; };
		856304C51C6F259B00873F2E /* LaunchScreen.storyboard in Resources */ = {isa = PBXBuildFile; fileRef = 856304C31C6F259B00873F2E /* LaunchScreen.storyboard */; };
		85FCBFCF1C72330800C214A7 /* CalculatorBrain.swift in Sources */ = {isa = PBXBuildFile; fileRef = 85FCBFCE1C72330800C214A7 /* CalculatorBrain.swift */; };
/* End PBXBuildFile section */

/* Begin PBXFileReference section */
		856304B71C6F259B00873F2E /* Calculator.app */ = {isa = PBXFileReference; explicitFileType = wrapper.application; includeInIndex = 0; path = Calculator.app; sourceTree = BUILT_PRODUCTS_DIR; };
		856304BA1C6F259B00873F2E /* AppDelegate.swift */ = {isa = PBXFileReference; lastKnownFileType = sourcecode.swift; path = AppDelegate.swift; sourceTree = "<group>"; };
		856304BC1C6F259B00873F2E /* ViewController.swift */ = {isa = PBXFileReference; lastKnownFileType = sourcecode.swift; path = ViewController.swift; sourceTree = "<group>"; };
		856304BF1C6F259B00873F2E /* Base */ = {isa = PBXFileReference; lastKnownFileType = file.storyboard; name = Base; path = Base.lproj/Main.storyboard; sourceTree = "<group>"; };
		856304C11C6F259B00873F2E /* Assets.xcassets */ = {isa = PBXFileReference; lastKnownFileType = folder.assetcatalog; path = Assets.xcassets; sourceTree = "<group>"; };
		856304C41C6F259B00873F2E /* Base */ = {isa = PBXFileReference; lastKnownFileType = file.storyboard; name = Base; path = Base.lproj/LaunchScreen.storyboard; sourceTree = "<group>"; };
		856304C61C6F259B00873F2E /* Info.plist */ = {isa = PBXFileReference; lastKnownFileType = text.plist.xml; path = Info.plist; sourceTree = "<group>"; };
		85FCBFCE1C72330800C214A7 /* CalculatorBrain.swift */ = {isa = PBXFileReference; fileEncoding = 4; lastKnownFileType = sourcecode.swift; path = CalculatorBrain.swift; sourceTree = "<group>"; };
/* End PBXFileReference section */

/* Begin PBXFrameworksBuildPhase section */
		856304B41C6F259B00873F2E /* Frameworks */ = {
			isa = PBXFrameworksBuildPhase;
			buildActionMask = 2147483647;
			files = (
			);
			runOnlyForDeploymentPostprocessing = 0;
		};
/* End PBXFrameworksBuildPhase section */

/* Begin PBXGroup section */
		856304AE1C6F259B00873F2E = {
			isa = PBXGroup;
			children = (
				856304B91C6F259B00873F2E /* Calculator */,
				856304B81C6F259B00873F2E /* Products */,
			);
			sourceTree = "<group>";
		};
		856304B81C6F259B00873F2E /* Products */ = {
			isa = PBXGroup;
			children = (
				856304B71C6F259B00873F2E /* Calculator.app */,
			);
			name = Products;
			sourceTree = "<group>";
		};
		856304B91C6F259B00873F2E /* Calculator */ = {
			isa = PBXGroup;
			children = (
				856304BC1C6F259B00873F2E /* ViewController.swift */,
				856304BE1C6F259B00873F2E /* Main.storyboard */,
				85FCBFCE1C72330800C214A7 /* CalculatorBrain.swift */,
				856304CC1C6F25FA00873F2E /* Supporting Files */,
			);
			path = Calculator;
			sourceTree = "<group>";
		};
		856304CC1C6F25FA00873F2E /* Supporting Files */ = {
			isa = PBXGroup;
			children = (
				856304BA1C6F259B00873F2E /* AppDelegate.swift */,
				856304C11C6F259B00873F2E /* Assets.xcassets */,
				856304C31C6F259B00873F2E /* LaunchScreen.storyboard */,
				856304C61C6F259B00873F2E /* Info.plist */,
			);
			name = "Supporting Files";
			sourceTree = "<group>";
		};
/* End PBXGroup section */

/* Begin PBXNativeTarget section */
		856304B61C6F259B00873F2E /* Calculator */ = {
			isa = PBXNativeTarget;
			buildConfigurationList = 856304C91C6F259B00873F2E /* Build configuration list for PBXNativeTarget "Calculator" */;
			buildPhases = (
				856304B31C6F259B00873F2E /* Sources */,
				856304B41C6F259B00873F2E /* Frameworks */,
				856304B51C6F259B00873F2E /* Resources */,
			);
			buildRules = (
			);
			dependencies = (
			);
			name = Calculator;
			productName = Calculator;
			productReference = 856304B71C6F259B00873F2E /* Calculator.app */;
			productType = "com.apple.product-type.application";
		};
/* End PBXNativeTarget section */

/* Begin PBXProject section */
		856304AF1C6F259B00873F2E /* Project object */ = {
			isa = PBXProject;
			attributes = {
				LastSwiftUpdateCheck = 0720;
				LastUpgradeCheck = 0720;
				ORGANIZATIONNAME = "Joacim Nidén";
				TargetAttributes = {
					856304B61C6F259B00873F2E = {
						CreatedOnToolsVersion = 7.2;
					};
				};
			};
			buildConfigurationList = 856304B21C6F259B00873F2E /* Build configuration list for PBXProject "Calculator" */;
			compatibilityVersion = "Xcode 3.2";
			developmentRegion = English;
			hasScannedForEncodings = 0;
			knownRegions = (
				en,
				Base,
			);
			mainGroup = 856304AE1C6F259B00873F2E;
			productRefGroup = 856304B81C6F259B00873F2E /* Products */;
			projectDirPath = "";
			projectRoot = "";
			targets = (
				856304B61C6F259B00873F2E /* Calculator */,
			);
		};
/* End PBXProject section */

/* Begin PBXResourcesBuildPhase section */
		856304B51C6F259B00873F2E /* Resources */ = {
			isa = PBXResourcesBuildPhase;
			buildActionMask = 2147483647;
			files = (
				856304C51C6F259B00873F2E /* LaunchScreen.storyboard in Resources */,
				856304C21C6F259B00873F2E /* Assets.xcassets in Resources */,
				856304C01C6F259B00873F2E /* Main.storyboard in Resources */,
			);
			runOnlyForDeploymentPostprocessing = 0;
		};
/* End PBXResourcesBuildPhase section */

/* Begin PBXSourcesBuildPhase section */
		856304B31C6F259B00873F2E /* Sources */ = {
			isa = PBXSourcesBuildPhase;
			buildActionMask = 2147483647;
			files = (
				85FCBFCF1C72330800C214A7 /* CalculatorBrain.swift in Sources */,
				856304BD1C6F259B00873F2E /* ViewController.swift in Sources */,
				856304BB1C6F259B00873F2E /* AppDelegate.swift in Sources */,
			);
			runOnlyForDeploymentPostprocessing = 0;
		};
/* End PBXSourcesBuildPhase section */

/* Begin PBXVariantGroup section */
		856304BE1C6F259B00873F2E /* Main.storyboard */ = {
			isa = PBXVariantGroup;
			children = (
				856304BF1C6F259B00873F2E /* Base */,
			);
			name = Main.storyboard;
			sourceTree = "<group>";
		};
		856304C31C6F259B00873F2E /* LaunchScreen.storyboard */ = {
			isa = PBXVariantGroup;
			children = (
				856304C41C6F259B00873F2E /* Base */,
			);
			name = LaunchScreen.storyboard;
			sourceTree = "<group>";
		};
/* End PBXVariantGroup section */

/* Begin XCBuildConfiguration section */
		856304C71C6F259B00873F2E /* Debug */ = {
			isa = XCBuildConfiguration;
			buildSettings = {
				ALWAYS_SEARCH_USER_PATHS = NO;
				CLANG_CXX_LANGUAGE_STANDARD = "gnu++0x";
				CLANG_CXX_LIBRARY = "libc++";
				CLANG_ENABLE_MODULES = YES;
				CLANG_ENABLE_OBJC_ARC = YES;
				CLANG_WARN_BOOL_CONVERSION = YES;
				CLANG_WARN_CONSTANT_CONVERSION = YES;
				CLANG_WARN_DIRECT_OBJC_ISA_USAGE = YES_ERROR;
				CLANG_WARN_EMPTY_BODY = YES;
				CLANG_WARN_ENUM_CONVERSION = YES;
				CLANG_WARN_INT_CONVERSION = YES;
				CLANG_WARN_OBJC_ROOT_CLASS = YES_ERROR;
				CLANG_WARN_UNREACHABLE_CODE = YES;
				CLANG_WARN__DUPLICATE_METHOD_MATCH = YES;
				"CODE_SIGN_IDENTITY[sdk=iphoneos*]" = "iPhone Developer";
				COPY_PHASE_STRIP = NO;
				DEBUG_INFORMATION_FORMAT = dwarf;
				ENABLE_STRICT_OBJC_MSGSEND = YES;
				ENABLE_TESTABILITY = YES;
				GCC_C_LANGUAGE_STANDARD = gnu99;
				GCC_DYNAMIC_NO_PIC = NO;
				GCC_NO_COMMON_BLOCKS = YES;
				GCC_OPTIMIZATION_LEVEL = 0;
				GCC_PREPROCESSOR_DEFINITIONS = (
					"DEBUG=1",
					"$(inherited)",
				);
				GCC_WARN_64_TO_32_BIT_CONVERSION = YES;
				GCC_WARN_ABOUT_RETURN_TYPE = YES_ERROR;
				GCC_WARN_UNDECLARED_SELECTOR = YES;
				GCC_WARN_UNINITIALIZED_AUTOS = YES_AGGRESSIVE;
				GCC_WARN_UNUSED_FUNCTION = YES;
				GCC_WARN_UNUSED_VARIABLE = YES;
				IPHONEOS_DEPLOYMENT_TARGET = 9.2;
				MTL_ENABLE_DEBUG_INFO = YES;
				ONLY_ACTIVE_ARCH = YES;
				SDKROOT = iphoneos;
				SWIFT_OPTIMIZATION_LEVEL = "-Onone";
				TARGETED_DEVICE_FAMILY = "1,2";
			};
			name = Debug;
		};
		856304C81C6F259B00873F2E /* Release */ = {
			isa = XCBuildConfiguration;
			buildSettings = {
				ALWAYS_SEARCH_USER_PATHS = NO;
				CLANG_CXX_LANGUAGE_STANDARD = "gnu++0x";
				CLANG_CXX_LIBRARY = "libc++";
				CLANG_ENABLE_MODULES = YES;
				CLANG_ENABLE_OBJC_ARC = YES;
				CLANG_WARN_BOOL_CONVERSION = YES;
				CLANG_WARN_CONSTANT_CONVERSION = YES;
				CLANG_WARN_DIRECT_OBJC_ISA_USAGE = YES_ERROR;
				CLANG_WARN_EMPTY_BODY = YES;
				CLANG_WARN_ENUM_CONVERSION = YES;
				CLANG_WARN_INT_CONVERSION = YES;
				CLANG_WARN_OBJC_ROOT_CLASS = YES_ERROR;
				CLANG_WARN_UNREACHABLE_CODE = YES;
				CLANG_WARN__DUPLICATE_METHOD_MATCH = YES;
				"CODE_SIGN_IDENTITY[sdk=iphoneos*]" = "iPhone Developer";
				COPY_PHASE_STRIP = NO;
				DEBUG_INFORMATION_FORMAT = "dwarf-with-dsym";
				ENABLE_NS_ASSERTIONS = NO;
				ENABLE_STRICT_OBJC_MSGSEND = YES;
				GCC_C_LANGUAGE_STANDARD = gnu99;
				GCC_NO_COMMON_BLOCKS = YES;
				GCC_WARN_64_TO_32_BIT_CONVERSION = YES;
				GCC_WARN_ABOUT_RETURN_TYPE = YES_ERROR;
				GCC_WARN_UNDECLARED_SELECTOR = YES;
				GCC_WARN_UNINITIALIZED_AUTOS = YES_AGGRESSIVE;
				GCC_WARN_UNUSED_FUNCTION = YES;
				GCC_WARN_UNUSED_VARIABLE = YES;
				IPHONEOS_DEPLOYMENT_TARGET = 9.2;
				MTL_ENABLE_DEBUG_INFO = NO;
				SDKROOT = iphoneos;
				TARGETED_DEVICE_FAMILY = "1,2";
				VALIDATE_PRODUCT = YES;
			};
			name = Release;
		};
		856304CA1C6F259B00873F2E /* Debug */ = {
			isa = XCBuildConfiguration;
			buildSettings = {
				ASSETCATALOG_COMPILER_APPICON_NAME = AppIcon;
				INFOPLIST_FILE = Calculator/Info.plist;
				LD_RUNPATH_SEARCH_PATHS = "$(inherited) @executable_path/Frameworks";
				PRODUCT_BUNDLE_IDENTIFIER = com.niden.Calculator;
				PRODUCT_NAME = "$(TARGET_NAME)";
			};
			name = Debug;
		};
		856304CB1C6F259B00873F2E /* Release */ = {
			isa = XCBuildConfiguration;
			buildSettings = {
				ASSETCATALOG_COMPILER_APPICON_NAME = AppIcon;
				INFOPLIST_FILE = Calculator/Info.plist;
				LD_RUNPATH_SEARCH_PATHS = "$(inherited) @executable_path/Frameworks";
				PRODUCT_BUNDLE_IDENTIFIER = com.niden.Calculator;
				PRODUCT_NAME = "$(TARGET_NAME)";
			};
			name = Release;
		};
/* End XCBuildConfiguration section */

/* Begin XCConfigurationList section */
		856304B21C6F259B00873F2E /* Build configuration list for PBXProject "Calculator" */ = {
			isa = XCConfigurationList;
			buildConfigurations = (
				856304C71C6F259B00873F2E /* Debug */,
				856304C81C6F259B00873F2E /* Release */,
			);
			defaultConfigurationIsVisible = 0;
			defaultConfigurationName = Release;
		};
		856304C91C6F259B00873F2E /* Build configuration list for PBXNativeTarget "Calculator" */ = {
			isa = XCConfigurationList;
			buildConfigurations = (
				856304CA1C6F259B00873F2E /* Debug */,
				856304CB1C6F259B00873F2E /* Release */,
			);
			defaultConfigurationIsVisible = 0;
			defaultConfigurationName = Release;
		};
/* End XCConfigurationList section */
	};
	rootObject = 856304AF1C6F259B00873F2E /* Project object */;
}
